// !$*UTF8*$!
{
	archiveVersion = 1;
	classes = {
	};
	objectVersion = 46;
	objects = {

/* Begin PBXBuildFile section */
		E72B061E1BC07E4F004F5AF3 /* AppDelegate.swift in Sources */ = {isa = PBXBuildFile; fileRef = E72B061D1BC07E4F004F5AF3 /* AppDelegate.swift */; };
		E72B06201BC07E4F004F5AF3 /* ViewController.swift in Sources */ = {isa = PBXBuildFile; fileRef = E72B061F1BC07E4F004F5AF3 /* ViewController.swift */; };
		E72B06231BC07E4F004F5AF3 /* Main.storyboard in Resources */ = {isa = PBXBuildFile; fileRef = E72B06211BC07E4F004F5AF3 /* Main.storyboard */; };
		E72B06251BC07E4F004F5AF3 /* Images.xcassets in Resources */ = {isa = PBXBuildFile; fileRef = E72B06241BC07E4F004F5AF3 /* Images.xcassets */; };
		E72B06281BC07E4F004F5AF3 /* LaunchScreen.xib in Resources */ = {isa = PBXBuildFile; fileRef = E72B06261BC07E4F004F5AF3 /* LaunchScreen.xib */; };
		E72B06341BC07E4F004F5AF3 /* pompopTests.swift in Sources */ = {isa = PBXBuildFile; fileRef = E72B06331BC07E4F004F5AF3 /* pompopTests.swift */; };
/* End PBXBuildFile section */

/* Begin PBXContainerItemProxy section */
		E72B062E1BC07E4F004F5AF3 /* PBXContainerItemProxy */ = {
			isa = PBXContainerItemProxy;
			containerPortal = E72B06101BC07E4F004F5AF3 /* Project object */;
			proxyType = 1;
			remoteGlobalIDString = E72B06171BC07E4F004F5AF3;
			remoteInfo = pompop;
		};
/* End PBXContainerItemProxy section */

/* Begin PBXFileReference section */
		E72B06181BC07E4F004F5AF3 /* pompop.app */ = {isa = PBXFileReference; explicitFileType = wrapper.application; includeInIndex = 0; path = pompop.app; sourceTree = BUILT_PRODUCTS_DIR; };
		E72B061C1BC07E4F004F5AF3 /* Info.plist */ = {isa = PBXFileReference; lastKnownFileType = text.plist.xml; path = Info.plist; sourceTree = "<group>"; };
		E72B061D1BC07E4F004F5AF3 /* AppDelegate.swift */ = {isa = PBXFileReference; lastKnownFileType = sourcecode.swift; path = AppDelegate.swift; sourceTree = "<group>"; };
		E72B061F1BC07E4F004F5AF3 /* ViewController.swift */ = {isa = PBXFileReference; lastKnownFileType = sourcecode.swift; path = ViewController.swift; sourceTree = "<group>"; };
		E72B06221BC07E4F004F5AF3 /* Base */ = {isa = PBXFileReference; lastKnownFileType = file.storyboard; name = Base; path = Base.lproj/Main.storyboard; sourceTree = "<group>"; };
		E72B06241BC07E4F004F5AF3 /* Images.xcassets */ = {isa = PBXFileReference; lastKnownFileType = folder.assetcatalog; path = Images.xcassets; sourceTree = "<group>"; };
		E72B06271BC07E4F004F5AF3 /* Base */ = {isa = PBXFileReference; lastKnownFileType = file.xib; name = Base; path = Base.lproj/LaunchScreen.xib; sourceTree = "<group>"; };
		E72B062D1BC07E4F004F5AF3 /* pompopTests.xctest */ = {isa = PBXFileReference; explicitFileType = wrapper.cfbundle; includeInIndex = 0; path = pompopTests.xctest; sourceTree = BUILT_PRODUCTS_DIR; };
		E72B06321BC07E4F004F5AF3 /* Info.plist */ = {isa = PBXFileReference; lastKnownFileType = text.plist.xml; path = Info.plist; sourceTree = "<group>"; };
		E72B06331BC07E4F004F5AF3 /* pompopTests.swift */ = {isa = PBXFileReference; lastKnownFileType = sourcecode.swift; path = pompopTests.swift; sourceTree = "<group>"; };
/* End PBXFileReference section */

/* Begin PBXFrameworksBuildPhase section */
		E72B06151BC07E4F004F5AF3 /* Frameworks */ = {
			isa = PBXFrameworksBuildPhase;
			buildActionMask = 2147483647;
			files = (
			);
			runOnlyForDeploymentPostprocessing = 0;
		};
		E72B062A1BC07E4F004F5AF3 /* Frameworks */ = {
			isa = PBXFrameworksBuildPhase;
			buildActionMask = 2147483647;
			files = (
			);
			runOnlyForDeploymentPostprocessing = 0;
		};
/* End PBXFrameworksBuildPhase section */

/* Begin PBXGroup section */
		E72B060F1BC07E4F004F5AF3 = {
			isa = PBXGroup;
			children = (
				E72B061A1BC07E4F004F5AF3 /* pompop */,
				E72B06301BC07E4F004F5AF3 /* pompopTests */,
				E72B06191BC07E4F004F5AF3 /* Products */,
			);
			sourceTree = "<group>";
		};
		E72B06191BC07E4F004F5AF3 /* Products */ = {
			isa = PBXGroup;
			children = (
				E72B06181BC07E4F004F5AF3 /* pompop.app */,
				E72B062D1BC07E4F004F5AF3 /* pompopTests.xctest */,
			);
			name = Products;
			sourceTree = "<group>";
		};
		E72B061A1BC07E4F004F5AF3 /* pompop */ = {
			isa = PBXGroup;
			children = (
				E72B061D1BC07E4F004F5AF3 /* AppDelegate.swift */,
				E72B061F1BC07E4F004F5AF3 /* ViewController.swift */,
				E72B06211BC07E4F004F5AF3 /* Main.storyboard */,
				E72B06241BC07E4F004F5AF3 /* Images.xcassets */,
				E72B06261BC07E4F004F5AF3 /* LaunchScreen.xib */,
				E72B061B1BC07E4F004F5AF3 /* Supporting Files */,
			);
			path = pompop;
			sourceTree = "<group>";
		};
		E72B061B1BC07E4F004F5AF3 /* Supporting Files */ = {
			isa = PBXGroup;
			children = (
				E72B061C1BC07E4F004F5AF3 /* Info.plist */,
			);
			name = "Supporting Files";
			sourceTree = "<group>";
		};
		E72B06301BC07E4F004F5AF3 /* pompopTests */ = {
			isa = PBXGroup;
			children = (
				E72B06331BC07E4F004F5AF3 /* pompopTests.swift */,
				E72B06311BC07E4F004F5AF3 /* Supporting Files */,
			);
			path = pompopTests;
			sourceTree = "<group>";
		};
		E72B06311BC07E4F004F5AF3 /* Supporting Files */ = {
			isa = PBXGroup;
			children = (
				E72B06321BC07E4F004F5AF3 /* Info.plist */,
			);
			name = "Supporting Files";
			sourceTree = "<group>";
		};
/* End PBXGroup section */

/* Begin PBXNativeTarget section */
		E72B06171BC07E4F004F5AF3 /* pompop */ = {
			isa = PBXNativeTarget;
			buildConfigurationList = E72B06371BC07E4F004F5AF3 /* Build configuration list for PBXNativeTarget "pompop" */;
			buildPhases = (
				E72B06141BC07E4F004F5AF3 /* Sources */,
				E72B06151BC07E4F004F5AF3 /* Frameworks */,
				E72B06161BC07E4F004F5AF3 /* Resources */,
			);
			buildRules = (
			);
			dependencies = (
			);
			name = pompop;
			productName = pompop;
			productReference = E72B06181BC07E4F004F5AF3 /* pompop.app */;
			productType = "com.apple.product-type.application";
		};
		E72B062C1BC07E4F004F5AF3 /* pompopTests */ = {
			isa = PBXNativeTarget;
			buildConfigurationList = E72B063A1BC07E4F004F5AF3 /* Build configuration list for PBXNativeTarget "pompopTests" */;
			buildPhases = (
				E72B06291BC07E4F004F5AF3 /* Sources */,
				E72B062A1BC07E4F004F5AF3 /* Frameworks */,
				E72B062B1BC07E4F004F5AF3 /* Resources */,
			);
			buildRules = (
			);
			dependencies = (
				E72B062F1BC07E4F004F5AF3 /* PBXTargetDependency */,
			);
			name = pompopTests;
			productName = pompopTests;
			productReference = E72B062D1BC07E4F004F5AF3 /* pompopTests.xctest */;
			productType = "com.apple.product-type.bundle.unit-test";
		};
/* End PBXNativeTarget section */

/* Begin PBXProject section */
		E72B06101BC07E4F004F5AF3 /* Project object */ = {
			isa = PBXProject;
			attributes = {
				LastUpgradeCheck = 0640;
				ORGANIZATIONNAME = "山村　武史";
				TargetAttributes = {
					E72B06171BC07E4F004F5AF3 = {
						CreatedOnToolsVersion = 6.4;
					};
					E72B062C1BC07E4F004F5AF3 = {
						CreatedOnToolsVersion = 6.4;
						TestTargetID = E72B06171BC07E4F004F5AF3;
					};
				};
			};
			buildConfigurationList = E72B06131BC07E4F004F5AF3 /* Build configuration list for PBXProject "pompop" */;
			compatibilityVersion = "Xcode 3.2";
			developmentRegion = English;
			hasScannedForEncodings = 0;
			knownRegions = (
				en,
				Base,
			);
			mainGroup = E72B060F1BC07E4F004F5AF3;
			productRefGroup = E72B06191BC07E4F004F5AF3 /* Products */;
			projectDirPath = "";
			projectRoot = "";
			targets = (
				E72B06171BC07E4F004F5AF3 /* pompop */,
				E72B062C1BC07E4F004F5AF3 /* pompopTests */,
			);
		};
/* End PBXProject section */

/* Begin PBXResourcesBuildPhase section */
		E72B06161BC07E4F004F5AF3 /* Resources */ = {
			isa = PBXResourcesBuildPhase;
			buildActionMask = 2147483647;
			files = (
				E72B06231BC07E4F004F5AF3 /* Main.storyboard in Resources */,
				E72B06281BC07E4F004F5AF3 /* LaunchScreen.xib in Resources */,
				E72B06251BC07E4F004F5AF3 /* Images.xcassets in Resources */,
			);
			runOnlyForDeploymentPostprocessing = 0;
		};
		E72B062B1BC07E4F004F5AF3 /* Resources */ = {
			isa = PBXResourcesBuildPhase;
			buildActionMask = 2147483647;
			files = (
			);
			runOnlyForDeploymentPostprocessing = 0;
		};
/* End PBXResourcesBuildPhase section */

/* Begin PBXSourcesBuildPhase section */
		E72B06141BC07E4F004F5AF3 /* Sources */ = {
			isa = PBXSourcesBuildPhase;
			buildActionMask = 2147483647;
			files = (
				E72B06201BC07E4F004F5AF3 /* ViewController.swift in Sources */,
				E72B061E1BC07E4F004F5AF3 /* AppDelegate.swift in Sources */,
			);
			runOnlyForDeploymentPostprocessing = 0;
		};
		E72B06291BC07E4F004F5AF3 /* Sources */ = {
			isa = PBXSourcesBuildPhase;
			buildActionMask = 2147483647;
			files = (
				E72B06341BC07E4F004F5AF3 /* pompopTests.swift in Sources */,
			);
			runOnlyForDeploymentPostprocessing = 0;
		};
/* End PBXSourcesBuildPhase section */

/* Begin PBXTargetDependency section */
		E72B062F1BC07E4F004F5AF3 /* PBXTargetDependency */ = {
			isa = PBXTargetDependency;
			target = E72B06171BC07E4F004F5AF3 /* pompop */;
			targetProxy = E72B062E1BC07E4F004F5AF3 /* PBXContainerItemProxy */;
		};
/* End PBXTargetDependency section */

/* Begin PBXVariantGroup section */
		E72B06211BC07E4F004F5AF3 /* Main.storyboard */ = {
			isa = PBXVariantGroup;
			children = (
				E72B06221BC07E4F004F5AF3 /* Base */,
			);
			name = Main.storyboard;
			sourceTree = "<group>";
		};
		E72B06261BC07E4F004F5AF3 /* LaunchScreen.xib */ = {
			isa = PBXVariantGroup;
			children = (
				E72B06271BC07E4F004F5AF3 /* Base */,
			);
			name = LaunchScreen.xib;
			sourceTree = "<group>";
		};
/* End PBXVariantGroup section */

/* Begin XCBuildConfiguration section */
		E72B06351BC07E4F004F5AF3 /* Debug */ = {
			isa = XCBuildConfiguration;
			buildSettings = {
				ALWAYS_SEARCH_USER_PATHS = NO;
				CLANG_CXX_LANGUAGE_STANDARD = "gnu++0x";
				CLANG_CXX_LIBRARY = "libc++";
				CLANG_ENABLE_MODULES = YES;
				CLANG_ENABLE_OBJC_ARC = YES;
				CLANG_WARN_BOOL_CONVERSION = YES;
				CLANG_WARN_CONSTANT_CONVERSION = YES;
				CLANG_WARN_DIRECT_OBJC_ISA_USAGE = YES_ERROR;
				CLANG_WARN_EMPTY_BODY = YES;
				CLANG_WARN_ENUM_CONVERSION = YES;
				CLANG_WARN_INT_CONVERSION = YES;
				CLANG_WARN_OBJC_ROOT_CLASS = YES_ERROR;
				CLANG_WARN_UNREACHABLE_CODE = YES;
				CLANG_WARN__DUPLICATE_METHOD_MATCH = YES;
				"CODE_SIGN_IDENTITY[sdk=iphoneos*]" = "iPhone Developer";
				COPY_PHASE_STRIP = NO;
				DEBUG_INFORMATION_FORMAT = "dwarf-with-dsym";
				ENABLE_STRICT_OBJC_MSGSEND = YES;
				GCC_C_LANGUAGE_STANDARD = gnu99;
				GCC_DYNAMIC_NO_PIC = NO;
				GCC_NO_COMMON_BLOCKS = YES;
				GCC_OPTIMIZATION_LEVEL = 0;
				GCC_PREPROCESSOR_DEFINITIONS = (
					"DEBUG=1",
					"$(inherited)",
				);
				GCC_SYMBOLS_PRIVATE_EXTERN = NO;
				GCC_WARN_64_TO_32_BIT_CONVERSION = YES;
				GCC_WARN_ABOUT_RETURN_TYPE = YES_ERROR;
				GCC_WARN_UNDECLARED_SELECTOR = YES;
				GCC_WARN_UNINITIALIZED_AUTOS = YES_AGGRESSIVE;
				GCC_WARN_UNUSED_FUNCTION = YES;
				GCC_WARN_UNUSED_VARIABLE = YES;
				IPHONEOS_DEPLOYMENT_TARGET = 8.4;
				MTL_ENABLE_DEBUG_INFO = YES;
				ONLY_ACTIVE_ARCH = YES;
				SDKROOT = iphoneos;
				SWIFT_OPTIMIZATION_LEVEL = "-Onone";
			};
			name = Debug;
		};
		E72B06361BC07E4F004F5AF3 /* Release */ = {
			isa = XCBuildConfiguration;
			buildSettings = {
				ALWAYS_SEARCH_USER_PATHS = NO;
				CLANG_CXX_LANGUAGE_STANDARD = "gnu++0x";
				CLANG_CXX_LIBRARY = "libc++";
				CLANG_ENABLE_MODULES = YES;
				CLANG_ENABLE_OBJC_ARC = YES;
				CLANG_WARN_BOOL_CONVERSION = YES;
				CLANG_WARN_CONSTANT_CONVERSION = YES;
				CLANG_WARN_DIRECT_OBJC_ISA_USAGE = YES_ERROR;
				CLANG_WARN_EMPTY_BODY = YES;
				CLANG_WARN_ENUM_CONVERSION = YES;
				CLANG_WARN_INT_CONVERSION = YES;
				CLANG_WARN_OBJC_ROOT_CLASS = YES_ERROR;
				CLANG_WARN_UNREACHABLE_CODE = YES;
				CLANG_WARN__DUPLICATE_METHOD_MATCH = YES;
				"CODE_SIGN_IDENTITY[sdk=iphoneos*]" = "iPhone Developer";
				COPY_PHASE_STRIP = NO;
				DEBUG_INFORMATION_FORMAT = "dwarf-with-dsym";
				ENABLE_NS_ASSERTIONS = NO;
				ENABLE_STRICT_OBJC_MSGSEND = YES;
				GCC_C_LANGUAGE_STANDARD = gnu99;
				GCC_NO_COMMON_BLOCKS = YES;
				GCC_WARN_64_TO_32_BIT_CONVERSION = YES;
				GCC_WARN_ABOUT_RETURN_TYPE = YES_ERROR;
				GCC_WARN_UNDECLARED_SELECTOR = YES;
				GCC_WARN_UNINITIALIZED_AUTOS = YES_AGGRESSIVE;
				GCC_WARN_UNUSED_FUNCTION = YES;
				GCC_WARN_UNUSED_VARIABLE = YES;
				IPHONEOS_DEPLOYMENT_TARGET = 8.4;
				MTL_ENABLE_DEBUG_INFO = NO;
				SDKROOT = iphoneos;
				VALIDATE_PRODUCT = YES;
			};
			name = Release;
		};
		E72B06381BC07E4F004F5AF3 /* Debug */ = {
			isa = XCBuildConfiguration;
			buildSettings = {
				ASSETCATALOG_COMPILER_APPICON_NAME = AppIcon;
				INFOPLIST_FILE = pompop/Info.plist;
				LD_RUNPATH_SEARCH_PATHS = "$(inherited) @executable_path/Frameworks";
				PRODUCT_NAME = "$(TARGET_NAME)";
			};
			name = Debug;
		};
		E72B06391BC07E4F004F5AF3 /* Release */ = {
			isa = XCBuildConfiguration;
			buildSettings = {
				ASSETCATALOG_COMPILER_APPICON_NAME = AppIcon;
				INFOPLIST_FILE = pompop/Info.plist;
				LD_RUNPATH_SEARCH_PATHS = "$(inherited) @executable_path/Frameworks";
				PRODUCT_NAME = "$(TARGET_NAME)";
			};
			name = Release;
		};
		E72B063B1BC07E4F004F5AF3 /* Debug */ = {
			isa = XCBuildConfiguration;
			buildSettings = {
				BUNDLE_LOADER = "$(TEST_HOST)";
				FRAMEWORK_SEARCH_PATHS = (
					"$(SDKROOT)/Developer/Library/Frameworks",
					"$(inherited)",
				);
				GCC_PREPROCESSOR_DEFINITIONS = (
					"DEBUG=1",
					"$(inherited)",
				);
				INFOPLIST_FILE = pompopTests/Info.plist;
				LD_RUNPATH_SEARCH_PATHS = "$(inherited) @executable_path/Frameworks @loader_path/Frameworks";
				PRODUCT_NAME = "$(TARGET_NAME)";
				TEST_HOST = "$(BUILT_PRODUCTS_DIR)/pompop.app/pompop";
			};
			name = Debug;
		};
		E72B063C1BC07E4F004F5AF3 /* Release */ = {
			isa = XCBuildConfiguration;
			buildSettings = {
				BUNDLE_LOADER = "$(TEST_HOST)";
				FRAMEWORK_SEARCH_PATHS = (
					"$(SDKROOT)/Developer/Library/Frameworks",
					"$(inherited)",
				);
				INFOPLIST_FILE = pompopTests/Info.plist;
				LD_RUNPATH_SEARCH_PATHS = "$(inherited) @executable_path/Frameworks @loader_path/Frameworks";
				PRODUCT_NAME = "$(TARGET_NAME)";
				TEST_HOST = "$(BUILT_PRODUCTS_DIR)/pompop.app/pompop";
			};
			name = Release;
		};
/* End XCBuildConfiguration section */

/* Begin XCConfigurationList section */
		E72B06131BC07E4F004F5AF3 /* Build configuration list for PBXProject "pompop" */ = {
			isa = XCConfigurationList;
			buildConfigurations = (
				E72B06351BC07E4F004F5AF3 /* Debug */,
				E72B06361BC07E4F004F5AF3 /* Release */,
			);
			defaultConfigurationIsVisible = 0;
			defaultConfigurationName = Release;
		};
		E72B06371BC07E4F004F5AF3 /* Build configuration list for PBXNativeTarget "pompop" */ = {
			isa = XCConfigurationList;
			buildConfigurations = (
				E72B06381BC07E4F004F5AF3 /* Debug */,
				E72B06391BC07E4F004F5AF3 /* Release */,
			);
			defaultConfigurationIsVisible = 0;
		};
		E72B063A1BC07E4F004F5AF3 /* Build configuration list for PBXNativeTarget "pompopTests" */ = {
			isa = XCConfigurationList;
			buildConfigurations = (
				E72B063B1BC07E4F004F5AF3 /* Debug */,
				E72B063C1BC07E4F004F5AF3 /* Release */,
			);
			defaultConfigurationIsVisible = 0;
		};
/* End XCConfigurationList section */
	};
	rootObject = E72B06101BC07E4F004F5AF3 /* Project object */;
}
