// !$*UTF8*$!
{
	archiveVersion = 1;
	classes = {
	};
	objectVersion = 46;
	objects = {

/* Begin PBXBuildFile section */
		E726E94F1B3750CF0016C82B /* AppDelegate.swift in Sources */ = {isa = PBXBuildFile; fileRef = E726E94E1B3750CF0016C82B /* AppDelegate.swift */; };
		E726E9511B3750CF0016C82B /* ViewController.swift in Sources */ = {isa = PBXBuildFile; fileRef = E726E9501B3750CF0016C82B /* ViewController.swift */; };
		E726E9541B3750D00016C82B /* Main.storyboard in Resources */ = {isa = PBXBuildFile; fileRef = E726E9521B3750D00016C82B /* Main.storyboard */; };
		E726E9561B3750D00016C82B /* Images.xcassets in Resources */ = {isa = PBXBuildFile; fileRef = E726E9551B3750D00016C82B /* Images.xcassets */; };
		E726E9591B3750D00016C82B /* LaunchScreen.xib in Resources */ = {isa = PBXBuildFile; fileRef = E726E9571B3750D00016C82B /* LaunchScreen.xib */; };
		E726E9651B3750D00016C82B /* UITableViewTests.swift in Sources */ = {isa = PBXBuildFile; fileRef = E726E9641B3750D00016C82B /* UITableViewTests.swift */; };
		E726E96F1B37550F0016C82B /* dog.png in Resources */ = {isa = PBXBuildFile; fileRef = E726E96E1B37550F0016C82B /* dog.png */; };
		E726E97A1B3761AA0016C82B /* American Shorthair.png in Resources */ = {isa = PBXBuildFile; fileRef = E726E9701B3761AA0016C82B /* American Shorthair.png */; };
		E726E97B1B3761AA0016C82B /* Chihuahua.png in Resources */ = {isa = PBXBuildFile; fileRef = E726E9711B3761AA0016C82B /* Chihuahua.png */; };
		E726E97C1B3761AA0016C82B /* Corgi.png in Resources */ = {isa = PBXBuildFile; fileRef = E726E9721B3761AA0016C82B /* Corgi.png */; };
		E726E97D1B3761AA0016C82B /* Maltese.png in Resources */ = {isa = PBXBuildFile; fileRef = E726E9731B3761AA0016C82B /* Maltese.png */; };
		E726E97E1B3761AA0016C82B /* Mikeneko.png in Resources */ = {isa = PBXBuildFile; fileRef = E726E9741B3761AA0016C82B /* Mikeneko.png */; };
		E726E97F1B3761AA0016C82B /* Miniature Dachshund.png in Resources */ = {isa = PBXBuildFile; fileRef = E726E9751B3761AA0016C82B /* Miniature Dachshund.png */; };
		E726E9801B3761AA0016C82B /* Munchkin.png in Resources */ = {isa = PBXBuildFile; fileRef = E726E9761B3761AA0016C82B /* Munchkin.png */; };
		E726E9811B3761AA0016C82B /* Persian.png in Resources */ = {isa = PBXBuildFile; fileRef = E726E9771B3761AA0016C82B /* Persian.png */; };
		E726E9821B3761AA0016C82B /* Pug.png in Resources */ = {isa = PBXBuildFile; fileRef = E726E9781B3761AA0016C82B /* Pug.png */; };
		E726E9831B3761AA0016C82B /* Russian Blue.png in Resources */ = {isa = PBXBuildFile; fileRef = E726E9791B3761AA0016C82B /* Russian Blue.png */; };
/* End PBXBuildFile section */

/* Begin PBXContainerItemProxy section */
		E726E95F1B3750D00016C82B /* PBXContainerItemProxy */ = {
			isa = PBXContainerItemProxy;
			containerPortal = E726E9411B3750CF0016C82B /* Project object */;
			proxyType = 1;
			remoteGlobalIDString = E726E9481B3750CF0016C82B;
			remoteInfo = UITableView;
		};
/* End PBXContainerItemProxy section */

/* Begin PBXFileReference section */
		E726E9491B3750CF0016C82B /* UITableView.app */ = {isa = PBXFileReference; explicitFileType = wrapper.application; includeInIndex = 0; path = UITableView.app; sourceTree = BUILT_PRODUCTS_DIR; };
		E726E94D1B3750CF0016C82B /* Info.plist */ = {isa = PBXFileReference; lastKnownFileType = text.plist.xml; path = Info.plist; sourceTree = "<group>"; };
		E726E94E1B3750CF0016C82B /* AppDelegate.swift */ = {isa = PBXFileReference; lastKnownFileType = sourcecode.swift; path = AppDelegate.swift; sourceTree = "<group>"; };
		E726E9501B3750CF0016C82B /* ViewController.swift */ = {isa = PBXFileReference; lastKnownFileType = sourcecode.swift; path = ViewController.swift; sourceTree = "<group>"; };
		E726E9531B3750D00016C82B /* Base */ = {isa = PBXFileReference; lastKnownFileType = file.storyboard; name = Base; path = Base.lproj/Main.storyboard; sourceTree = "<group>"; };
		E726E9551B3750D00016C82B /* Images.xcassets */ = {isa = PBXFileReference; lastKnownFileType = folder.assetcatalog; path = Images.xcassets; sourceTree = "<group>"; };
		E726E9581B3750D00016C82B /* Base */ = {isa = PBXFileReference; lastKnownFileType = file.xib; name = Base; path = Base.lproj/LaunchScreen.xib; sourceTree = "<group>"; };
		E726E95E1B3750D00016C82B /* UITableViewTests.xctest */ = {isa = PBXFileReference; explicitFileType = wrapper.cfbundle; includeInIndex = 0; path = UITableViewTests.xctest; sourceTree = BUILT_PRODUCTS_DIR; };
		E726E9631B3750D00016C82B /* Info.plist */ = {isa = PBXFileReference; lastKnownFileType = text.plist.xml; path = Info.plist; sourceTree = "<group>"; };
		E726E9641B3750D00016C82B /* UITableViewTests.swift */ = {isa = PBXFileReference; lastKnownFileType = sourcecode.swift; path = UITableViewTests.swift; sourceTree = "<group>"; };
		E726E96E1B37550F0016C82B /* dog.png */ = {isa = PBXFileReference; lastKnownFileType = image.png; path = dog.png; sourceTree = "<group>"; };
		E726E9701B3761AA0016C82B /* American Shorthair.png */ = {isa = PBXFileReference; lastKnownFileType = image.png; path = "American Shorthair.png"; sourceTree = "<group>"; };
		E726E9711B3761AA0016C82B /* Chihuahua.png */ = {isa = PBXFileReference; lastKnownFileType = image.png; path = Chihuahua.png; sourceTree = "<group>"; };
		E726E9721B3761AA0016C82B /* Corgi.png */ = {isa = PBXFileReference; lastKnownFileType = image.png; path = Corgi.png; sourceTree = "<group>"; };
		E726E9731B3761AA0016C82B /* Maltese.png */ = {isa = PBXFileReference; lastKnownFileType = image.png; path = Maltese.png; sourceTree = "<group>"; };
		E726E9741B3761AA0016C82B /* Mikeneko.png */ = {isa = PBXFileReference; lastKnownFileType = image.png; path = Mikeneko.png; sourceTree = "<group>"; };
		E726E9751B3761AA0016C82B /* Miniature Dachshund.png */ = {isa = PBXFileReference; lastKnownFileType = image.png; path = "Miniature Dachshund.png"; sourceTree = "<group>"; };
		E726E9761B3761AA0016C82B /* Munchkin.png */ = {isa = PBXFileReference; lastKnownFileType = image.png; path = Munchkin.png; sourceTree = "<group>"; };
		E726E9771B3761AA0016C82B /* Persian.png */ = {isa = PBXFileReference; lastKnownFileType = image.png; path = Persian.png; sourceTree = "<group>"; };
		E726E9781B3761AA0016C82B /* Pug.png */ = {isa = PBXFileReference; lastKnownFileType = image.png; path = Pug.png; sourceTree = "<group>"; };
		E726E9791B3761AA0016C82B /* Russian Blue.png */ = {isa = PBXFileReference; lastKnownFileType = image.png; path = "Russian Blue.png"; sourceTree = "<group>"; };
/* End PBXFileReference section */

/* Begin PBXFrameworksBuildPhase section */
		E726E9461B3750CF0016C82B /* Frameworks */ = {
			isa = PBXFrameworksBuildPhase;
			buildActionMask = 2147483647;
			files = (
			);
			runOnlyForDeploymentPostprocessing = 0;
		};
		E726E95B1B3750D00016C82B /* Frameworks */ = {
			isa = PBXFrameworksBuildPhase;
			buildActionMask = 2147483647;
			files = (
			);
			runOnlyForDeploymentPostprocessing = 0;
		};
/* End PBXFrameworksBuildPhase section */

/* Begin PBXGroup section */
		E726E9401B3750CF0016C82B = {
			isa = PBXGroup;
			children = (
				E726E94B1B3750CF0016C82B /* UITableView */,
				E726E9611B3750D00016C82B /* UITableViewTests */,
				E726E94A1B3750CF0016C82B /* Products */,
			);
			sourceTree = "<group>";
		};
		E726E94A1B3750CF0016C82B /* Products */ = {
			isa = PBXGroup;
			children = (
				E726E9491B3750CF0016C82B /* UITableView.app */,
				E726E95E1B3750D00016C82B /* UITableViewTests.xctest */,
			);
			name = Products;
			sourceTree = "<group>";
		};
		E726E94B1B3750CF0016C82B /* UITableView */ = {
			isa = PBXGroup;
			children = (
				E726E94E1B3750CF0016C82B /* AppDelegate.swift */,
				E726E9501B3750CF0016C82B /* ViewController.swift */,
				E726E9521B3750D00016C82B /* Main.storyboard */,
				E726E9841B3762820016C82B /* images */,
				E726E9551B3750D00016C82B /* Images.xcassets */,
				E726E9571B3750D00016C82B /* LaunchScreen.xib */,
				E726E94C1B3750CF0016C82B /* Supporting Files */,
			);
			path = UITableView;
			sourceTree = "<group>";
		};
		E726E94C1B3750CF0016C82B /* Supporting Files */ = {
			isa = PBXGroup;
			children = (
				E726E94D1B3750CF0016C82B /* Info.plist */,
			);
			name = "Supporting Files";
			sourceTree = "<group>";
		};
		E726E9611B3750D00016C82B /* UITableViewTests */ = {
			isa = PBXGroup;
			children = (
				E726E9641B3750D00016C82B /* UITableViewTests.swift */,
				E726E9621B3750D00016C82B /* Supporting Files */,
			);
			path = UITableViewTests;
			sourceTree = "<group>";
		};
		E726E9621B3750D00016C82B /* Supporting Files */ = {
			isa = PBXGroup;
			children = (
				E726E9631B3750D00016C82B /* Info.plist */,
			);
			name = "Supporting Files";
			sourceTree = "<group>";
		};
		E726E9841B3762820016C82B /* images */ = {
			isa = PBXGroup;
			children = (
				E726E9701B3761AA0016C82B /* American Shorthair.png */,
				E726E9711B3761AA0016C82B /* Chihuahua.png */,
				E726E9721B3761AA0016C82B /* Corgi.png */,
				E726E9731B3761AA0016C82B /* Maltese.png */,
				E726E9741B3761AA0016C82B /* Mikeneko.png */,
				E726E9751B3761AA0016C82B /* Miniature Dachshund.png */,
				E726E9761B3761AA0016C82B /* Munchkin.png */,
				E726E9771B3761AA0016C82B /* Persian.png */,
				E726E9781B3761AA0016C82B /* Pug.png */,
				E726E9791B3761AA0016C82B /* Russian Blue.png */,
				E726E96E1B37550F0016C82B /* dog.png */,
			);
			name = images;
			sourceTree = "<group>";
		};
/* End PBXGroup section */

/* Begin PBXNativeTarget section */
		E726E9481B3750CF0016C82B /* UITableView */ = {
			isa = PBXNativeTarget;
			buildConfigurationList = E726E9681B3750D00016C82B /* Build configuration list for PBXNativeTarget "UITableView" */;
			buildPhases = (
				E726E9451B3750CF0016C82B /* Sources */,
				E726E9461B3750CF0016C82B /* Frameworks */,
				E726E9471B3750CF0016C82B /* Resources */,
			);
			buildRules = (
			);
			dependencies = (
			);
			name = UITableView;
			productName = UITableView;
			productReference = E726E9491B3750CF0016C82B /* UITableView.app */;
			productType = "com.apple.product-type.application";
		};
		E726E95D1B3750D00016C82B /* UITableViewTests */ = {
			isa = PBXNativeTarget;
			buildConfigurationList = E726E96B1B3750D00016C82B /* Build configuration list for PBXNativeTarget "UITableViewTests" */;
			buildPhases = (
				E726E95A1B3750D00016C82B /* Sources */,
				E726E95B1B3750D00016C82B /* Frameworks */,
				E726E95C1B3750D00016C82B /* Resources */,
			);
			buildRules = (
			);
			dependencies = (
				E726E9601B3750D00016C82B /* PBXTargetDependency */,
			);
			name = UITableViewTests;
			productName = UITableViewTests;
			productReference = E726E95E1B3750D00016C82B /* UITableViewTests.xctest */;
			productType = "com.apple.product-type.bundle.unit-test";
		};
/* End PBXNativeTarget section */

/* Begin PBXProject section */
		E726E9411B3750CF0016C82B /* Project object */ = {
			isa = PBXProject;
			attributes = {
				LastUpgradeCheck = 0630;
				ORGANIZATIONNAME = "山村　武史";
				TargetAttributes = {
					E726E9481B3750CF0016C82B = {
						CreatedOnToolsVersion = 6.3.2;
					};
					E726E95D1B3750D00016C82B = {
						CreatedOnToolsVersion = 6.3.2;
						TestTargetID = E726E9481B3750CF0016C82B;
					};
				};
			};
			buildConfigurationList = E726E9441B3750CF0016C82B /* Build configuration list for PBXProject "UITableView" */;
			compatibilityVersion = "Xcode 3.2";
			developmentRegion = English;
			hasScannedForEncodings = 0;
			knownRegions = (
				en,
				Base,
			);
			mainGroup = E726E9401B3750CF0016C82B;
			productRefGroup = E726E94A1B3750CF0016C82B /* Products */;
			projectDirPath = "";
			projectRoot = "";
			targets = (
				E726E9481B3750CF0016C82B /* UITableView */,
				E726E95D1B3750D00016C82B /* UITableViewTests */,
			);
		};
/* End PBXProject section */

/* Begin PBXResourcesBuildPhase section */
		E726E9471B3750CF0016C82B /* Resources */ = {
			isa = PBXResourcesBuildPhase;
			buildActionMask = 2147483647;
			files = (
				E726E9811B3761AA0016C82B /* Persian.png in Resources */,
				E726E9801B3761AA0016C82B /* Munchkin.png in Resources */,
				E726E96F1B37550F0016C82B /* dog.png in Resources */,
				E726E97D1B3761AA0016C82B /* Maltese.png in Resources */,
				E726E9821B3761AA0016C82B /* Pug.png in Resources */,
				E726E97A1B3761AA0016C82B /* American Shorthair.png in Resources */,
				E726E9541B3750D00016C82B /* Main.storyboard in Resources */,
				E726E97C1B3761AA0016C82B /* Corgi.png in Resources */,
				E726E97E1B3761AA0016C82B /* Mikeneko.png in Resources */,
				E726E97F1B3761AA0016C82B /* Miniature Dachshund.png in Resources */,
				E726E9831B3761AA0016C82B /* Russian Blue.png in Resources */,
				E726E9591B3750D00016C82B /* LaunchScreen.xib in Resources */,
				E726E97B1B3761AA0016C82B /* Chihuahua.png in Resources */,
				E726E9561B3750D00016C82B /* Images.xcassets in Resources */,
			);
			runOnlyForDeploymentPostprocessing = 0;
		};
		E726E95C1B3750D00016C82B /* Resources */ = {
			isa = PBXResourcesBuildPhase;
			buildActionMask = 2147483647;
			files = (
			);
			runOnlyForDeploymentPostprocessing = 0;
		};
/* End PBXResourcesBuildPhase section */

/* Begin PBXSourcesBuildPhase section */
		E726E9451B3750CF0016C82B /* Sources */ = {
			isa = PBXSourcesBuildPhase;
			buildActionMask = 2147483647;
			files = (
				E726E9511B3750CF0016C82B /* ViewController.swift in Sources */,
				E726E94F1B3750CF0016C82B /* AppDelegate.swift in Sources */,
			);
			runOnlyForDeploymentPostprocessing = 0;
		};
		E726E95A1B3750D00016C82B /* Sources */ = {
			isa = PBXSourcesBuildPhase;
			buildActionMask = 2147483647;
			files = (
				E726E9651B3750D00016C82B /* UITableViewTests.swift in Sources */,
			);
			runOnlyForDeploymentPostprocessing = 0;
		};
/* End PBXSourcesBuildPhase section */

/* Begin PBXTargetDependency section */
		E726E9601B3750D00016C82B /* PBXTargetDependency */ = {
			isa = PBXTargetDependency;
			target = E726E9481B3750CF0016C82B /* UITableView */;
			targetProxy = E726E95F1B3750D00016C82B /* PBXContainerItemProxy */;
		};
/* End PBXTargetDependency section */

/* Begin PBXVariantGroup section */
		E726E9521B3750D00016C82B /* Main.storyboard */ = {
			isa = PBXVariantGroup;
			children = (
				E726E9531B3750D00016C82B /* Base */,
			);
			name = Main.storyboard;
			sourceTree = "<group>";
		};
		E726E9571B3750D00016C82B /* LaunchScreen.xib */ = {
			isa = PBXVariantGroup;
			children = (
				E726E9581B3750D00016C82B /* Base */,
			);
			name = LaunchScreen.xib;
			sourceTree = "<group>";
		};
/* End PBXVariantGroup section */

/* Begin XCBuildConfiguration section */
		E726E9661B3750D00016C82B /* Debug */ = {
			isa = XCBuildConfiguration;
			buildSettings = {
				ALWAYS_SEARCH_USER_PATHS = NO;
				CLANG_CXX_LANGUAGE_STANDARD = "gnu++0x";
				CLANG_CXX_LIBRARY = "libc++";
				CLANG_ENABLE_MODULES = YES;
				CLANG_ENABLE_OBJC_ARC = YES;
				CLANG_WARN_BOOL_CONVERSION = YES;
				CLANG_WARN_CONSTANT_CONVERSION = YES;
				CLANG_WARN_DIRECT_OBJC_ISA_USAGE = YES_ERROR;
				CLANG_WARN_EMPTY_BODY = YES;
				CLANG_WARN_ENUM_CONVERSION = YES;
				CLANG_WARN_INT_CONVERSION = YES;
				CLANG_WARN_OBJC_ROOT_CLASS = YES_ERROR;
				CLANG_WARN_UNREACHABLE_CODE = YES;
				CLANG_WARN__DUPLICATE_METHOD_MATCH = YES;
				"CODE_SIGN_IDENTITY[sdk=iphoneos*]" = "iPhone Developer";
				COPY_PHASE_STRIP = NO;
				DEBUG_INFORMATION_FORMAT = "dwarf-with-dsym";
				ENABLE_STRICT_OBJC_MSGSEND = YES;
				GCC_C_LANGUAGE_STANDARD = gnu99;
				GCC_DYNAMIC_NO_PIC = NO;
				GCC_NO_COMMON_BLOCKS = YES;
				GCC_OPTIMIZATION_LEVEL = 0;
				GCC_PREPROCESSOR_DEFINITIONS = (
					"DEBUG=1",
					"$(inherited)",
				);
				GCC_SYMBOLS_PRIVATE_EXTERN = NO;
				GCC_WARN_64_TO_32_BIT_CONVERSION = YES;
				GCC_WARN_ABOUT_RETURN_TYPE = YES_ERROR;
				GCC_WARN_UNDECLARED_SELECTOR = YES;
				GCC_WARN_UNINITIALIZED_AUTOS = YES_AGGRESSIVE;
				GCC_WARN_UNUSED_FUNCTION = YES;
				GCC_WARN_UNUSED_VARIABLE = YES;
				IPHONEOS_DEPLOYMENT_TARGET = 8.3;
				MTL_ENABLE_DEBUG_INFO = YES;
				ONLY_ACTIVE_ARCH = YES;
				SDKROOT = iphoneos;
				SWIFT_OPTIMIZATION_LEVEL = "-Onone";
			};
			name = Debug;
		};
		E726E9671B3750D00016C82B /* Release */ = {
			isa = XCBuildConfiguration;
			buildSettings = {
				ALWAYS_SEARCH_USER_PATHS = NO;
				CLANG_CXX_LANGUAGE_STANDARD = "gnu++0x";
				CLANG_CXX_LIBRARY = "libc++";
				CLANG_ENABLE_MODULES = YES;
				CLANG_ENABLE_OBJC_ARC = YES;
				CLANG_WARN_BOOL_CONVERSION = YES;
				CLANG_WARN_CONSTANT_CONVERSION = YES;
				CLANG_WARN_DIRECT_OBJC_ISA_USAGE = YES_ERROR;
				CLANG_WARN_EMPTY_BODY = YES;
				CLANG_WARN_ENUM_CONVERSION = YES;
				CLANG_WARN_INT_CONVERSION = YES;
				CLANG_WARN_OBJC_ROOT_CLASS = YES_ERROR;
				CLANG_WARN_UNREACHABLE_CODE = YES;
				CLANG_WARN__DUPLICATE_METHOD_MATCH = YES;
				"CODE_SIGN_IDENTITY[sdk=iphoneos*]" = "iPhone Developer";
				COPY_PHASE_STRIP = NO;
				DEBUG_INFORMATION_FORMAT = "dwarf-with-dsym";
				ENABLE_NS_ASSERTIONS = NO;
				ENABLE_STRICT_OBJC_MSGSEND = YES;
				GCC_C_LANGUAGE_STANDARD = gnu99;
				GCC_NO_COMMON_BLOCKS = YES;
				GCC_WARN_64_TO_32_BIT_CONVERSION = YES;
				GCC_WARN_ABOUT_RETURN_TYPE = YES_ERROR;
				GCC_WARN_UNDECLARED_SELECTOR = YES;
				GCC_WARN_UNINITIALIZED_AUTOS = YES_AGGRESSIVE;
				GCC_WARN_UNUSED_FUNCTION = YES;
				GCC_WARN_UNUSED_VARIABLE = YES;
				IPHONEOS_DEPLOYMENT_TARGET = 8.3;
				MTL_ENABLE_DEBUG_INFO = NO;
				SDKROOT = iphoneos;
				VALIDATE_PRODUCT = YES;
			};
			name = Release;
		};
		E726E9691B3750D00016C82B /* Debug */ = {
			isa = XCBuildConfiguration;
			buildSettings = {
				ASSETCATALOG_COMPILER_APPICON_NAME = AppIcon;
				INFOPLIST_FILE = UITableView/Info.plist;
				LD_RUNPATH_SEARCH_PATHS = "$(inherited) @executable_path/Frameworks";
				PRODUCT_NAME = "$(TARGET_NAME)";
			};
			name = Debug;
		};
		E726E96A1B3750D00016C82B /* Release */ = {
			isa = XCBuildConfiguration;
			buildSettings = {
				ASSETCATALOG_COMPILER_APPICON_NAME = AppIcon;
				INFOPLIST_FILE = UITableView/Info.plist;
				LD_RUNPATH_SEARCH_PATHS = "$(inherited) @executable_path/Frameworks";
				PRODUCT_NAME = "$(TARGET_NAME)";
			};
			name = Release;
		};
		E726E96C1B3750D00016C82B /* Debug */ = {
			isa = XCBuildConfiguration;
			buildSettings = {
				BUNDLE_LOADER = "$(TEST_HOST)";
				FRAMEWORK_SEARCH_PATHS = (
					"$(SDKROOT)/Developer/Library/Frameworks",
					"$(inherited)",
				);
				GCC_PREPROCESSOR_DEFINITIONS = (
					"DEBUG=1",
					"$(inherited)",
				);
				INFOPLIST_FILE = UITableViewTests/Info.plist;
				LD_RUNPATH_SEARCH_PATHS = "$(inherited) @executable_path/Frameworks @loader_path/Frameworks";
				PRODUCT_NAME = "$(TARGET_NAME)";
				TEST_HOST = "$(BUILT_PRODUCTS_DIR)/UITableView.app/UITableView";
			};
			name = Debug;
		};
		E726E96D1B3750D00016C82B /* Release */ = {
			isa = XCBuildConfiguration;
			buildSettings = {
				BUNDLE_LOADER = "$(TEST_HOST)";
				FRAMEWORK_SEARCH_PATHS = (
					"$(SDKROOT)/Developer/Library/Frameworks",
					"$(inherited)",
				);
				INFOPLIST_FILE = UITableViewTests/Info.plist;
				LD_RUNPATH_SEARCH_PATHS = "$(inherited) @executable_path/Frameworks @loader_path/Frameworks";
				PRODUCT_NAME = "$(TARGET_NAME)";
				TEST_HOST = "$(BUILT_PRODUCTS_DIR)/UITableView.app/UITableView";
			};
			name = Release;
		};
/* End XCBuildConfiguration section */

/* Begin XCConfigurationList section */
		E726E9441B3750CF0016C82B /* Build configuration list for PBXProject "UITableView" */ = {
			isa = XCConfigurationList;
			buildConfigurations = (
				E726E9661B3750D00016C82B /* Debug */,
				E726E9671B3750D00016C82B /* Release */,
			);
			defaultConfigurationIsVisible = 0;
			defaultConfigurationName = Release;
		};
		E726E9681B3750D00016C82B /* Build configuration list for PBXNativeTarget "UITableView" */ = {
			isa = XCConfigurationList;
			buildConfigurations = (
				E726E9691B3750D00016C82B /* Debug */,
				E726E96A1B3750D00016C82B /* Release */,
			);
			defaultConfigurationIsVisible = 0;
		};
		E726E96B1B3750D00016C82B /* Build configuration list for PBXNativeTarget "UITableViewTests" */ = {
			isa = XCConfigurationList;
			buildConfigurations = (
				E726E96C1B3750D00016C82B /* Debug */,
				E726E96D1B3750D00016C82B /* Release */,
			);
			defaultConfigurationIsVisible = 0;
		};
/* End XCConfigurationList section */
	};
	rootObject = E726E9411B3750CF0016C82B /* Project object */;
}
