// !$*UTF8*$!
{
	archiveVersion = 1;
	classes = {
	};
	objectVersion = 46;
	objects = {

/* Begin PBXBuildFile section */
		E70809F21BAD99DA009D92C8 /* AppDelegate.swift in Sources */ = {isa = PBXBuildFile; fileRef = E70809F11BAD99DA009D92C8 /* AppDelegate.swift */; };
		E70809F41BAD99DA009D92C8 /* ViewController.swift in Sources */ = {isa = PBXBuildFile; fileRef = E70809F31BAD99DA009D92C8 /* ViewController.swift */; };
		E70809F71BAD99DA009D92C8 /* Main.storyboard in Resources */ = {isa = PBXBuildFile; fileRef = E70809F51BAD99DA009D92C8 /* Main.storyboard */; };
		E70809F91BAD99DA009D92C8 /* Images.xcassets in Resources */ = {isa = PBXBuildFile; fileRef = E70809F81BAD99DA009D92C8 /* Images.xcassets */; };
		E70809FC1BAD99DA009D92C8 /* LaunchScreen.xib in Resources */ = {isa = PBXBuildFile; fileRef = E70809FA1BAD99DA009D92C8 /* LaunchScreen.xib */; };
		E7080A081BAD99DA009D92C8 /* rss_readerTests.swift in Sources */ = {isa = PBXBuildFile; fileRef = E7080A071BAD99DA009D92C8 /* rss_readerTests.swift */; };
/* End PBXBuildFile section */

/* Begin PBXContainerItemProxy section */
		E7080A021BAD99DA009D92C8 /* PBXContainerItemProxy */ = {
			isa = PBXContainerItemProxy;
			containerPortal = E70809E41BAD99D9009D92C8 /* Project object */;
			proxyType = 1;
			remoteGlobalIDString = E70809EB1BAD99DA009D92C8;
			remoteInfo = "rss-reader";
		};
/* End PBXContainerItemProxy section */

/* Begin PBXFileReference section */
		E70809EC1BAD99DA009D92C8 /* rss-reader.app */ = {isa = PBXFileReference; explicitFileType = wrapper.application; includeInIndex = 0; path = "rss-reader.app"; sourceTree = BUILT_PRODUCTS_DIR; };
		E70809F01BAD99DA009D92C8 /* Info.plist */ = {isa = PBXFileReference; lastKnownFileType = text.plist.xml; path = Info.plist; sourceTree = "<group>"; };
		E70809F11BAD99DA009D92C8 /* AppDelegate.swift */ = {isa = PBXFileReference; lastKnownFileType = sourcecode.swift; path = AppDelegate.swift; sourceTree = "<group>"; };
		E70809F31BAD99DA009D92C8 /* ViewController.swift */ = {isa = PBXFileReference; lastKnownFileType = sourcecode.swift; path = ViewController.swift; sourceTree = "<group>"; };
		E70809F61BAD99DA009D92C8 /* Base */ = {isa = PBXFileReference; lastKnownFileType = file.storyboard; name = Base; path = Base.lproj/Main.storyboard; sourceTree = "<group>"; };
		E70809F81BAD99DA009D92C8 /* Images.xcassets */ = {isa = PBXFileReference; lastKnownFileType = folder.assetcatalog; path = Images.xcassets; sourceTree = "<group>"; };
		E70809FB1BAD99DA009D92C8 /* Base */ = {isa = PBXFileReference; lastKnownFileType = file.xib; name = Base; path = Base.lproj/LaunchScreen.xib; sourceTree = "<group>"; };
		E7080A011BAD99DA009D92C8 /* rss-readerTests.xctest */ = {isa = PBXFileReference; explicitFileType = wrapper.cfbundle; includeInIndex = 0; path = "rss-readerTests.xctest"; sourceTree = BUILT_PRODUCTS_DIR; };
		E7080A061BAD99DA009D92C8 /* Info.plist */ = {isa = PBXFileReference; lastKnownFileType = text.plist.xml; path = Info.plist; sourceTree = "<group>"; };
		E7080A071BAD99DA009D92C8 /* rss_readerTests.swift */ = {isa = PBXFileReference; lastKnownFileType = sourcecode.swift; path = rss_readerTests.swift; sourceTree = "<group>"; };
/* End PBXFileReference section */

/* Begin PBXFrameworksBuildPhase section */
		E70809E91BAD99DA009D92C8 /* Frameworks */ = {
			isa = PBXFrameworksBuildPhase;
			buildActionMask = 2147483647;
			files = (
			);
			runOnlyForDeploymentPostprocessing = 0;
		};
		E70809FE1BAD99DA009D92C8 /* Frameworks */ = {
			isa = PBXFrameworksBuildPhase;
			buildActionMask = 2147483647;
			files = (
			);
			runOnlyForDeploymentPostprocessing = 0;
		};
/* End PBXFrameworksBuildPhase section */

/* Begin PBXGroup section */
		E70809E31BAD99D9009D92C8 = {
			isa = PBXGroup;
			children = (
				E70809EE1BAD99DA009D92C8 /* rss-reader */,
				E7080A041BAD99DA009D92C8 /* rss-readerTests */,
				E70809ED1BAD99DA009D92C8 /* Products */,
			);
			sourceTree = "<group>";
		};
		E70809ED1BAD99DA009D92C8 /* Products */ = {
			isa = PBXGroup;
			children = (
				E70809EC1BAD99DA009D92C8 /* rss-reader.app */,
				E7080A011BAD99DA009D92C8 /* rss-readerTests.xctest */,
			);
			name = Products;
			sourceTree = "<group>";
		};
		E70809EE1BAD99DA009D92C8 /* rss-reader */ = {
			isa = PBXGroup;
			children = (
				E70809F11BAD99DA009D92C8 /* AppDelegate.swift */,
				E70809F31BAD99DA009D92C8 /* ViewController.swift */,
				E70809F51BAD99DA009D92C8 /* Main.storyboard */,
				E70809F81BAD99DA009D92C8 /* Images.xcassets */,
				E70809FA1BAD99DA009D92C8 /* LaunchScreen.xib */,
				E70809EF1BAD99DA009D92C8 /* Supporting Files */,
			);
			path = "rss-reader";
			sourceTree = "<group>";
		};
		E70809EF1BAD99DA009D92C8 /* Supporting Files */ = {
			isa = PBXGroup;
			children = (
				E70809F01BAD99DA009D92C8 /* Info.plist */,
			);
			name = "Supporting Files";
			sourceTree = "<group>";
		};
		E7080A041BAD99DA009D92C8 /* rss-readerTests */ = {
			isa = PBXGroup;
			children = (
				E7080A071BAD99DA009D92C8 /* rss_readerTests.swift */,
				E7080A051BAD99DA009D92C8 /* Supporting Files */,
			);
			path = "rss-readerTests";
			sourceTree = "<group>";
		};
		E7080A051BAD99DA009D92C8 /* Supporting Files */ = {
			isa = PBXGroup;
			children = (
				E7080A061BAD99DA009D92C8 /* Info.plist */,
			);
			name = "Supporting Files";
			sourceTree = "<group>";
		};
/* End PBXGroup section */

/* Begin PBXNativeTarget section */
		E70809EB1BAD99DA009D92C8 /* rss-reader */ = {
			isa = PBXNativeTarget;
			buildConfigurationList = E7080A0B1BAD99DA009D92C8 /* Build configuration list for PBXNativeTarget "rss-reader" */;
			buildPhases = (
				E70809E81BAD99DA009D92C8 /* Sources */,
				E70809E91BAD99DA009D92C8 /* Frameworks */,
				E70809EA1BAD99DA009D92C8 /* Resources */,
			);
			buildRules = (
			);
			dependencies = (
			);
			name = "rss-reader";
			productName = "rss-reader";
			productReference = E70809EC1BAD99DA009D92C8 /* rss-reader.app */;
			productType = "com.apple.product-type.application";
		};
		E7080A001BAD99DA009D92C8 /* rss-readerTests */ = {
			isa = PBXNativeTarget;
			buildConfigurationList = E7080A0E1BAD99DA009D92C8 /* Build configuration list for PBXNativeTarget "rss-readerTests" */;
			buildPhases = (
				E70809FD1BAD99DA009D92C8 /* Sources */,
				E70809FE1BAD99DA009D92C8 /* Frameworks */,
				E70809FF1BAD99DA009D92C8 /* Resources */,
			);
			buildRules = (
			);
			dependencies = (
				E7080A031BAD99DA009D92C8 /* PBXTargetDependency */,
			);
			name = "rss-readerTests";
			productName = "rss-readerTests";
			productReference = E7080A011BAD99DA009D92C8 /* rss-readerTests.xctest */;
			productType = "com.apple.product-type.bundle.unit-test";
		};
/* End PBXNativeTarget section */

/* Begin PBXProject section */
		E70809E41BAD99D9009D92C8 /* Project object */ = {
			isa = PBXProject;
			attributes = {
				LastUpgradeCheck = 0640;
				ORGANIZATIONNAME = "山村　武史";
				TargetAttributes = {
					E70809EB1BAD99DA009D92C8 = {
						CreatedOnToolsVersion = 6.4;
					};
					E7080A001BAD99DA009D92C8 = {
						CreatedOnToolsVersion = 6.4;
						TestTargetID = E70809EB1BAD99DA009D92C8;
					};
				};
			};
			buildConfigurationList = E70809E71BAD99D9009D92C8 /* Build configuration list for PBXProject "rss-reader" */;
			compatibilityVersion = "Xcode 3.2";
			developmentRegion = English;
			hasScannedForEncodings = 0;
			knownRegions = (
				en,
				Base,
			);
			mainGroup = E70809E31BAD99D9009D92C8;
			productRefGroup = E70809ED1BAD99DA009D92C8 /* Products */;
			projectDirPath = "";
			projectRoot = "";
			targets = (
				E70809EB1BAD99DA009D92C8 /* rss-reader */,
				E7080A001BAD99DA009D92C8 /* rss-readerTests */,
			);
		};
/* End PBXProject section */

/* Begin PBXResourcesBuildPhase section */
		E70809EA1BAD99DA009D92C8 /* Resources */ = {
			isa = PBXResourcesBuildPhase;
			buildActionMask = 2147483647;
			files = (
				E70809F71BAD99DA009D92C8 /* Main.storyboard in Resources */,
				E70809FC1BAD99DA009D92C8 /* LaunchScreen.xib in Resources */,
				E70809F91BAD99DA009D92C8 /* Images.xcassets in Resources */,
			);
			runOnlyForDeploymentPostprocessing = 0;
		};
		E70809FF1BAD99DA009D92C8 /* Resources */ = {
			isa = PBXResourcesBuildPhase;
			buildActionMask = 2147483647;
			files = (
			);
			runOnlyForDeploymentPostprocessing = 0;
		};
/* End PBXResourcesBuildPhase section */

/* Begin PBXSourcesBuildPhase section */
		E70809E81BAD99DA009D92C8 /* Sources */ = {
			isa = PBXSourcesBuildPhase;
			buildActionMask = 2147483647;
			files = (
				E70809F41BAD99DA009D92C8 /* ViewController.swift in Sources */,
				E70809F21BAD99DA009D92C8 /* AppDelegate.swift in Sources */,
			);
			runOnlyForDeploymentPostprocessing = 0;
		};
		E70809FD1BAD99DA009D92C8 /* Sources */ = {
			isa = PBXSourcesBuildPhase;
			buildActionMask = 2147483647;
			files = (
				E7080A081BAD99DA009D92C8 /* rss_readerTests.swift in Sources */,
			);
			runOnlyForDeploymentPostprocessing = 0;
		};
/* End PBXSourcesBuildPhase section */

/* Begin PBXTargetDependency section */
		E7080A031BAD99DA009D92C8 /* PBXTargetDependency */ = {
			isa = PBXTargetDependency;
			target = E70809EB1BAD99DA009D92C8 /* rss-reader */;
			targetProxy = E7080A021BAD99DA009D92C8 /* PBXContainerItemProxy */;
		};
/* End PBXTargetDependency section */

/* Begin PBXVariantGroup section */
		E70809F51BAD99DA009D92C8 /* Main.storyboard */ = {
			isa = PBXVariantGroup;
			children = (
				E70809F61BAD99DA009D92C8 /* Base */,
			);
			name = Main.storyboard;
			sourceTree = "<group>";
		};
		E70809FA1BAD99DA009D92C8 /* LaunchScreen.xib */ = {
			isa = PBXVariantGroup;
			children = (
				E70809FB1BAD99DA009D92C8 /* Base */,
			);
			name = LaunchScreen.xib;
			sourceTree = "<group>";
		};
/* End PBXVariantGroup section */

/* Begin XCBuildConfiguration section */
		E7080A091BAD99DA009D92C8 /* Debug */ = {
			isa = XCBuildConfiguration;
			buildSettings = {
				ALWAYS_SEARCH_USER_PATHS = NO;
				CLANG_CXX_LANGUAGE_STANDARD = "gnu++0x";
				CLANG_CXX_LIBRARY = "libc++";
				CLANG_ENABLE_MODULES = YES;
				CLANG_ENABLE_OBJC_ARC = YES;
				CLANG_WARN_BOOL_CONVERSION = YES;
				CLANG_WARN_CONSTANT_CONVERSION = YES;
				CLANG_WARN_DIRECT_OBJC_ISA_USAGE = YES_ERROR;
				CLANG_WARN_EMPTY_BODY = YES;
				CLANG_WARN_ENUM_CONVERSION = YES;
				CLANG_WARN_INT_CONVERSION = YES;
				CLANG_WARN_OBJC_ROOT_CLASS = YES_ERROR;
				CLANG_WARN_UNREACHABLE_CODE = YES;
				CLANG_WARN__DUPLICATE_METHOD_MATCH = YES;
				"CODE_SIGN_IDENTITY[sdk=iphoneos*]" = "iPhone Developer";
				COPY_PHASE_STRIP = NO;
				DEBUG_INFORMATION_FORMAT = "dwarf-with-dsym";
				ENABLE_STRICT_OBJC_MSGSEND = YES;
				GCC_C_LANGUAGE_STANDARD = gnu99;
				GCC_DYNAMIC_NO_PIC = NO;
				GCC_NO_COMMON_BLOCKS = YES;
				GCC_OPTIMIZATION_LEVEL = 0;
				GCC_PREPROCESSOR_DEFINITIONS = (
					"DEBUG=1",
					"$(inherited)",
				);
				GCC_SYMBOLS_PRIVATE_EXTERN = NO;
				GCC_WARN_64_TO_32_BIT_CONVERSION = YES;
				GCC_WARN_ABOUT_RETURN_TYPE = YES_ERROR;
				GCC_WARN_UNDECLARED_SELECTOR = YES;
				GCC_WARN_UNINITIALIZED_AUTOS = YES_AGGRESSIVE;
				GCC_WARN_UNUSED_FUNCTION = YES;
				GCC_WARN_UNUSED_VARIABLE = YES;
				IPHONEOS_DEPLOYMENT_TARGET = 8.4;
				MTL_ENABLE_DEBUG_INFO = YES;
				ONLY_ACTIVE_ARCH = YES;
				SDKROOT = iphoneos;
				SWIFT_OPTIMIZATION_LEVEL = "-Onone";
			};
			name = Debug;
		};
		E7080A0A1BAD99DA009D92C8 /* Release */ = {
			isa = XCBuildConfiguration;
			buildSettings = {
				ALWAYS_SEARCH_USER_PATHS = NO;
				CLANG_CXX_LANGUAGE_STANDARD = "gnu++0x";
				CLANG_CXX_LIBRARY = "libc++";
				CLANG_ENABLE_MODULES = YES;
				CLANG_ENABLE_OBJC_ARC = YES;
				CLANG_WARN_BOOL_CONVERSION = YES;
				CLANG_WARN_CONSTANT_CONVERSION = YES;
				CLANG_WARN_DIRECT_OBJC_ISA_USAGE = YES_ERROR;
				CLANG_WARN_EMPTY_BODY = YES;
				CLANG_WARN_ENUM_CONVERSION = YES;
				CLANG_WARN_INT_CONVERSION = YES;
				CLANG_WARN_OBJC_ROOT_CLASS = YES_ERROR;
				CLANG_WARN_UNREACHABLE_CODE = YES;
				CLANG_WARN__DUPLICATE_METHOD_MATCH = YES;
				"CODE_SIGN_IDENTITY[sdk=iphoneos*]" = "iPhone Developer";
				COPY_PHASE_STRIP = NO;
				DEBUG_INFORMATION_FORMAT = "dwarf-with-dsym";
				ENABLE_NS_ASSERTIONS = NO;
				ENABLE_STRICT_OBJC_MSGSEND = YES;
				GCC_C_LANGUAGE_STANDARD = gnu99;
				GCC_NO_COMMON_BLOCKS = YES;
				GCC_WARN_64_TO_32_BIT_CONVERSION = YES;
				GCC_WARN_ABOUT_RETURN_TYPE = YES_ERROR;
				GCC_WARN_UNDECLARED_SELECTOR = YES;
				GCC_WARN_UNINITIALIZED_AUTOS = YES_AGGRESSIVE;
				GCC_WARN_UNUSED_FUNCTION = YES;
				GCC_WARN_UNUSED_VARIABLE = YES;
				IPHONEOS_DEPLOYMENT_TARGET = 8.4;
				MTL_ENABLE_DEBUG_INFO = NO;
				SDKROOT = iphoneos;
				VALIDATE_PRODUCT = YES;
			};
			name = Release;
		};
		E7080A0C1BAD99DA009D92C8 /* Debug */ = {
			isa = XCBuildConfiguration;
			buildSettings = {
				ASSETCATALOG_COMPILER_APPICON_NAME = AppIcon;
				INFOPLIST_FILE = "rss-reader/Info.plist";
				LD_RUNPATH_SEARCH_PATHS = "$(inherited) @executable_path/Frameworks";
				PRODUCT_NAME = "$(TARGET_NAME)";
			};
			name = Debug;
		};
		E7080A0D1BAD99DA009D92C8 /* Release */ = {
			isa = XCBuildConfiguration;
			buildSettings = {
				ASSETCATALOG_COMPILER_APPICON_NAME = AppIcon;
				INFOPLIST_FILE = "rss-reader/Info.plist";
				LD_RUNPATH_SEARCH_PATHS = "$(inherited) @executable_path/Frameworks";
				PRODUCT_NAME = "$(TARGET_NAME)";
			};
			name = Release;
		};
		E7080A0F1BAD99DA009D92C8 /* Debug */ = {
			isa = XCBuildConfiguration;
			buildSettings = {
				BUNDLE_LOADER = "$(TEST_HOST)";
				FRAMEWORK_SEARCH_PATHS = (
					"$(SDKROOT)/Developer/Library/Frameworks",
					"$(inherited)",
				);
				GCC_PREPROCESSOR_DEFINITIONS = (
					"DEBUG=1",
					"$(inherited)",
				);
				INFOPLIST_FILE = "rss-readerTests/Info.plist";
				LD_RUNPATH_SEARCH_PATHS = "$(inherited) @executable_path/Frameworks @loader_path/Frameworks";
				PRODUCT_NAME = "$(TARGET_NAME)";
				TEST_HOST = "$(BUILT_PRODUCTS_DIR)/rss-reader.app/rss-reader";
			};
			name = Debug;
		};
		E7080A101BAD99DA009D92C8 /* Release */ = {
			isa = XCBuildConfiguration;
			buildSettings = {
				BUNDLE_LOADER = "$(TEST_HOST)";
				FRAMEWORK_SEARCH_PATHS = (
					"$(SDKROOT)/Developer/Library/Frameworks",
					"$(inherited)",
				);
				INFOPLIST_FILE = "rss-readerTests/Info.plist";
				LD_RUNPATH_SEARCH_PATHS = "$(inherited) @executable_path/Frameworks @loader_path/Frameworks";
				PRODUCT_NAME = "$(TARGET_NAME)";
				TEST_HOST = "$(BUILT_PRODUCTS_DIR)/rss-reader.app/rss-reader";
			};
			name = Release;
		};
/* End XCBuildConfiguration section */

/* Begin XCConfigurationList section */
		E70809E71BAD99D9009D92C8 /* Build configuration list for PBXProject "rss-reader" */ = {
			isa = XCConfigurationList;
			buildConfigurations = (
				E7080A091BAD99DA009D92C8 /* Debug */,
				E7080A0A1BAD99DA009D92C8 /* Release */,
			);
			defaultConfigurationIsVisible = 0;
			defaultConfigurationName = Release;
		};
		E7080A0B1BAD99DA009D92C8 /* Build configuration list for PBXNativeTarget "rss-reader" */ = {
			isa = XCConfigurationList;
			buildConfigurations = (
				E7080A0C1BAD99DA009D92C8 /* Debug */,
				E7080A0D1BAD99DA009D92C8 /* Release */,
			);
			defaultConfigurationIsVisible = 0;
		};
		E7080A0E1BAD99DA009D92C8 /* Build configuration list for PBXNativeTarget "rss-readerTests" */ = {
			isa = XCConfigurationList;
			buildConfigurations = (
				E7080A0F1BAD99DA009D92C8 /* Debug */,
				E7080A101BAD99DA009D92C8 /* Release */,
			);
			defaultConfigurationIsVisible = 0;
		};
/* End XCConfigurationList section */
	};
	rootObject = E70809E41BAD99D9009D92C8 /* Project object */;
}
