// !$*UTF8*$!
{
	archiveVersion = 1;
	classes = {
	};
	objectVersion = 46;
	objects = {

/* Begin PBXBuildFile section */
		E7FB00AE1BC0A55900CEB3B1 /* AppDelegate.swift in Sources */ = {isa = PBXBuildFile; fileRef = E7FB00AD1BC0A55900CEB3B1 /* AppDelegate.swift */; };
		E7FB00B01BC0A55900CEB3B1 /* ViewController.swift in Sources */ = {isa = PBXBuildFile; fileRef = E7FB00AF1BC0A55900CEB3B1 /* ViewController.swift */; };
		E7FB00B31BC0A55900CEB3B1 /* Main.storyboard in Resources */ = {isa = PBXBuildFile; fileRef = E7FB00B11BC0A55900CEB3B1 /* Main.storyboard */; };
		E7FB00B51BC0A55900CEB3B1 /* Images.xcassets in Resources */ = {isa = PBXBuildFile; fileRef = E7FB00B41BC0A55900CEB3B1 /* Images.xcassets */; };
		E7FB00B81BC0A55900CEB3B1 /* LaunchScreen.xib in Resources */ = {isa = PBXBuildFile; fileRef = E7FB00B61BC0A55900CEB3B1 /* LaunchScreen.xib */; };
		E7FB00C41BC0A55900CEB3B1 /* YAMAMURA_Mentor_TestTests.swift in Sources */ = {isa = PBXBuildFile; fileRef = E7FB00C31BC0A55900CEB3B1 /* YAMAMURA_Mentor_TestTests.swift */; };
/* End PBXBuildFile section */

/* Begin PBXContainerItemProxy section */
		E7FB00BE1BC0A55900CEB3B1 /* PBXContainerItemProxy */ = {
			isa = PBXContainerItemProxy;
			containerPortal = E7FB00A01BC0A55900CEB3B1 /* Project object */;
			proxyType = 1;
			remoteGlobalIDString = E7FB00A71BC0A55900CEB3B1;
			remoteInfo = YAMAMURA_Mentor_Test;
		};
/* End PBXContainerItemProxy section */

/* Begin PBXFileReference section */
		E7FB00A81BC0A55900CEB3B1 /* YAMAMURA_Mentor_Test.app */ = {isa = PBXFileReference; explicitFileType = wrapper.application; includeInIndex = 0; path = YAMAMURA_Mentor_Test.app; sourceTree = BUILT_PRODUCTS_DIR; };
		E7FB00AC1BC0A55900CEB3B1 /* Info.plist */ = {isa = PBXFileReference; lastKnownFileType = text.plist.xml; path = Info.plist; sourceTree = "<group>"; };
		E7FB00AD1BC0A55900CEB3B1 /* AppDelegate.swift */ = {isa = PBXFileReference; lastKnownFileType = sourcecode.swift; path = AppDelegate.swift; sourceTree = "<group>"; };
		E7FB00AF1BC0A55900CEB3B1 /* ViewController.swift */ = {isa = PBXFileReference; lastKnownFileType = sourcecode.swift; path = ViewController.swift; sourceTree = "<group>"; };
		E7FB00B21BC0A55900CEB3B1 /* Base */ = {isa = PBXFileReference; lastKnownFileType = file.storyboard; name = Base; path = Base.lproj/Main.storyboard; sourceTree = "<group>"; };
		E7FB00B41BC0A55900CEB3B1 /* Images.xcassets */ = {isa = PBXFileReference; lastKnownFileType = folder.assetcatalog; path = Images.xcassets; sourceTree = "<group>"; };
		E7FB00B71BC0A55900CEB3B1 /* Base */ = {isa = PBXFileReference; lastKnownFileType = file.xib; name = Base; path = Base.lproj/LaunchScreen.xib; sourceTree = "<group>"; };
		E7FB00BD1BC0A55900CEB3B1 /* YAMAMURA_Mentor_TestTests.xctest */ = {isa = PBXFileReference; explicitFileType = wrapper.cfbundle; includeInIndex = 0; path = YAMAMURA_Mentor_TestTests.xctest; sourceTree = BUILT_PRODUCTS_DIR; };
		E7FB00C21BC0A55900CEB3B1 /* Info.plist */ = {isa = PBXFileReference; lastKnownFileType = text.plist.xml; path = Info.plist; sourceTree = "<group>"; };
		E7FB00C31BC0A55900CEB3B1 /* YAMAMURA_Mentor_TestTests.swift */ = {isa = PBXFileReference; lastKnownFileType = sourcecode.swift; path = YAMAMURA_Mentor_TestTests.swift; sourceTree = "<group>"; };
/* End PBXFileReference section */

/* Begin PBXFrameworksBuildPhase section */
		E7FB00A51BC0A55900CEB3B1 /* Frameworks */ = {
			isa = PBXFrameworksBuildPhase;
			buildActionMask = 2147483647;
			files = (
			);
			runOnlyForDeploymentPostprocessing = 0;
		};
		E7FB00BA1BC0A55900CEB3B1 /* Frameworks */ = {
			isa = PBXFrameworksBuildPhase;
			buildActionMask = 2147483647;
			files = (
			);
			runOnlyForDeploymentPostprocessing = 0;
		};
/* End PBXFrameworksBuildPhase section */

/* Begin PBXGroup section */
		E7FB009F1BC0A55900CEB3B1 = {
			isa = PBXGroup;
			children = (
				E7FB00AA1BC0A55900CEB3B1 /* YAMAMURA_Mentor_Test */,
				E7FB00C01BC0A55900CEB3B1 /* YAMAMURA_Mentor_TestTests */,
				E7FB00A91BC0A55900CEB3B1 /* Products */,
			);
			sourceTree = "<group>";
		};
		E7FB00A91BC0A55900CEB3B1 /* Products */ = {
			isa = PBXGroup;
			children = (
				E7FB00A81BC0A55900CEB3B1 /* YAMAMURA_Mentor_Test.app */,
				E7FB00BD1BC0A55900CEB3B1 /* YAMAMURA_Mentor_TestTests.xctest */,
			);
			name = Products;
			sourceTree = "<group>";
		};
		E7FB00AA1BC0A55900CEB3B1 /* YAMAMURA_Mentor_Test */ = {
			isa = PBXGroup;
			children = (
				E7FB00AD1BC0A55900CEB3B1 /* AppDelegate.swift */,
				E7FB00AF1BC0A55900CEB3B1 /* ViewController.swift */,
				E7FB00B11BC0A55900CEB3B1 /* Main.storyboard */,
				E7FB00B41BC0A55900CEB3B1 /* Images.xcassets */,
				E7FB00B61BC0A55900CEB3B1 /* LaunchScreen.xib */,
				E7FB00AB1BC0A55900CEB3B1 /* Supporting Files */,
			);
			path = YAMAMURA_Mentor_Test;
			sourceTree = "<group>";
		};
		E7FB00AB1BC0A55900CEB3B1 /* Supporting Files */ = {
			isa = PBXGroup;
			children = (
				E7FB00AC1BC0A55900CEB3B1 /* Info.plist */,
			);
			name = "Supporting Files";
			sourceTree = "<group>";
		};
		E7FB00C01BC0A55900CEB3B1 /* YAMAMURA_Mentor_TestTests */ = {
			isa = PBXGroup;
			children = (
				E7FB00C31BC0A55900CEB3B1 /* YAMAMURA_Mentor_TestTests.swift */,
				E7FB00C11BC0A55900CEB3B1 /* Supporting Files */,
			);
			path = YAMAMURA_Mentor_TestTests;
			sourceTree = "<group>";
		};
		E7FB00C11BC0A55900CEB3B1 /* Supporting Files */ = {
			isa = PBXGroup;
			children = (
				E7FB00C21BC0A55900CEB3B1 /* Info.plist */,
			);
			name = "Supporting Files";
			sourceTree = "<group>";
		};
/* End PBXGroup section */

/* Begin PBXNativeTarget section */
		E7FB00A71BC0A55900CEB3B1 /* YAMAMURA_Mentor_Test */ = {
			isa = PBXNativeTarget;
			buildConfigurationList = E7FB00C71BC0A55900CEB3B1 /* Build configuration list for PBXNativeTarget "YAMAMURA_Mentor_Test" */;
			buildPhases = (
				E7FB00A41BC0A55900CEB3B1 /* Sources */,
				E7FB00A51BC0A55900CEB3B1 /* Frameworks */,
				E7FB00A61BC0A55900CEB3B1 /* Resources */,
			);
			buildRules = (
			);
			dependencies = (
			);
			name = YAMAMURA_Mentor_Test;
			productName = YAMAMURA_Mentor_Test;
			productReference = E7FB00A81BC0A55900CEB3B1 /* YAMAMURA_Mentor_Test.app */;
			productType = "com.apple.product-type.application";
		};
		E7FB00BC1BC0A55900CEB3B1 /* YAMAMURA_Mentor_TestTests */ = {
			isa = PBXNativeTarget;
			buildConfigurationList = E7FB00CA1BC0A55A00CEB3B1 /* Build configuration list for PBXNativeTarget "YAMAMURA_Mentor_TestTests" */;
			buildPhases = (
				E7FB00B91BC0A55900CEB3B1 /* Sources */,
				E7FB00BA1BC0A55900CEB3B1 /* Frameworks */,
				E7FB00BB1BC0A55900CEB3B1 /* Resources */,
			);
			buildRules = (
			);
			dependencies = (
				E7FB00BF1BC0A55900CEB3B1 /* PBXTargetDependency */,
			);
			name = YAMAMURA_Mentor_TestTests;
			productName = YAMAMURA_Mentor_TestTests;
			productReference = E7FB00BD1BC0A55900CEB3B1 /* YAMAMURA_Mentor_TestTests.xctest */;
			productType = "com.apple.product-type.bundle.unit-test";
		};
/* End PBXNativeTarget section */

/* Begin PBXProject section */
		E7FB00A01BC0A55900CEB3B1 /* Project object */ = {
			isa = PBXProject;
			attributes = {
				LastUpgradeCheck = 0640;
				ORGANIZATIONNAME = "山村　武史";
				TargetAttributes = {
					E7FB00A71BC0A55900CEB3B1 = {
						CreatedOnToolsVersion = 6.4;
					};
					E7FB00BC1BC0A55900CEB3B1 = {
						CreatedOnToolsVersion = 6.4;
						TestTargetID = E7FB00A71BC0A55900CEB3B1;
					};
				};
			};
			buildConfigurationList = E7FB00A31BC0A55900CEB3B1 /* Build configuration list for PBXProject "YAMAMURA_Mentor_Test" */;
			compatibilityVersion = "Xcode 3.2";
			developmentRegion = English;
			hasScannedForEncodings = 0;
			knownRegions = (
				en,
				Base,
			);
			mainGroup = E7FB009F1BC0A55900CEB3B1;
			productRefGroup = E7FB00A91BC0A55900CEB3B1 /* Products */;
			projectDirPath = "";
			projectRoot = "";
			targets = (
				E7FB00A71BC0A55900CEB3B1 /* YAMAMURA_Mentor_Test */,
				E7FB00BC1BC0A55900CEB3B1 /* YAMAMURA_Mentor_TestTests */,
			);
		};
/* End PBXProject section */

/* Begin PBXResourcesBuildPhase section */
		E7FB00A61BC0A55900CEB3B1 /* Resources */ = {
			isa = PBXResourcesBuildPhase;
			buildActionMask = 2147483647;
			files = (
				E7FB00B31BC0A55900CEB3B1 /* Main.storyboard in Resources */,
				E7FB00B81BC0A55900CEB3B1 /* LaunchScreen.xib in Resources */,
				E7FB00B51BC0A55900CEB3B1 /* Images.xcassets in Resources */,
			);
			runOnlyForDeploymentPostprocessing = 0;
		};
		E7FB00BB1BC0A55900CEB3B1 /* Resources */ = {
			isa = PBXResourcesBuildPhase;
			buildActionMask = 2147483647;
			files = (
			);
			runOnlyForDeploymentPostprocessing = 0;
		};
/* End PBXResourcesBuildPhase section */

/* Begin PBXSourcesBuildPhase section */
		E7FB00A41BC0A55900CEB3B1 /* Sources */ = {
			isa = PBXSourcesBuildPhase;
			buildActionMask = 2147483647;
			files = (
				E7FB00B01BC0A55900CEB3B1 /* ViewController.swift in Sources */,
				E7FB00AE1BC0A55900CEB3B1 /* AppDelegate.swift in Sources */,
			);
			runOnlyForDeploymentPostprocessing = 0;
		};
		E7FB00B91BC0A55900CEB3B1 /* Sources */ = {
			isa = PBXSourcesBuildPhase;
			buildActionMask = 2147483647;
			files = (
				E7FB00C41BC0A55900CEB3B1 /* YAMAMURA_Mentor_TestTests.swift in Sources */,
			);
			runOnlyForDeploymentPostprocessing = 0;
		};
/* End PBXSourcesBuildPhase section */

/* Begin PBXTargetDependency section */
		E7FB00BF1BC0A55900CEB3B1 /* PBXTargetDependency */ = {
			isa = PBXTargetDependency;
			target = E7FB00A71BC0A55900CEB3B1 /* YAMAMURA_Mentor_Test */;
			targetProxy = E7FB00BE1BC0A55900CEB3B1 /* PBXContainerItemProxy */;
		};
/* End PBXTargetDependency section */

/* Begin PBXVariantGroup section */
		E7FB00B11BC0A55900CEB3B1 /* Main.storyboard */ = {
			isa = PBXVariantGroup;
			children = (
				E7FB00B21BC0A55900CEB3B1 /* Base */,
			);
			name = Main.storyboard;
			sourceTree = "<group>";
		};
		E7FB00B61BC0A55900CEB3B1 /* LaunchScreen.xib */ = {
			isa = PBXVariantGroup;
			children = (
				E7FB00B71BC0A55900CEB3B1 /* Base */,
			);
			name = LaunchScreen.xib;
			sourceTree = "<group>";
		};
/* End PBXVariantGroup section */

/* Begin XCBuildConfiguration section */
		E7FB00C51BC0A55900CEB3B1 /* Debug */ = {
			isa = XCBuildConfiguration;
			buildSettings = {
				ALWAYS_SEARCH_USER_PATHS = NO;
				CLANG_CXX_LANGUAGE_STANDARD = "gnu++0x";
				CLANG_CXX_LIBRARY = "libc++";
				CLANG_ENABLE_MODULES = YES;
				CLANG_ENABLE_OBJC_ARC = YES;
				CLANG_WARN_BOOL_CONVERSION = YES;
				CLANG_WARN_CONSTANT_CONVERSION = YES;
				CLANG_WARN_DIRECT_OBJC_ISA_USAGE = YES_ERROR;
				CLANG_WARN_EMPTY_BODY = YES;
				CLANG_WARN_ENUM_CONVERSION = YES;
				CLANG_WARN_INT_CONVERSION = YES;
				CLANG_WARN_OBJC_ROOT_CLASS = YES_ERROR;
				CLANG_WARN_UNREACHABLE_CODE = YES;
				CLANG_WARN__DUPLICATE_METHOD_MATCH = YES;
				"CODE_SIGN_IDENTITY[sdk=iphoneos*]" = "iPhone Developer";
				COPY_PHASE_STRIP = NO;
				DEBUG_INFORMATION_FORMAT = "dwarf-with-dsym";
				ENABLE_STRICT_OBJC_MSGSEND = YES;
				GCC_C_LANGUAGE_STANDARD = gnu99;
				GCC_DYNAMIC_NO_PIC = NO;
				GCC_NO_COMMON_BLOCKS = YES;
				GCC_OPTIMIZATION_LEVEL = 0;
				GCC_PREPROCESSOR_DEFINITIONS = (
					"DEBUG=1",
					"$(inherited)",
				);
				GCC_SYMBOLS_PRIVATE_EXTERN = NO;
				GCC_WARN_64_TO_32_BIT_CONVERSION = YES;
				GCC_WARN_ABOUT_RETURN_TYPE = YES_ERROR;
				GCC_WARN_UNDECLARED_SELECTOR = YES;
				GCC_WARN_UNINITIALIZED_AUTOS = YES_AGGRESSIVE;
				GCC_WARN_UNUSED_FUNCTION = YES;
				GCC_WARN_UNUSED_VARIABLE = YES;
				IPHONEOS_DEPLOYMENT_TARGET = 8.4;
				MTL_ENABLE_DEBUG_INFO = YES;
				ONLY_ACTIVE_ARCH = YES;
				SDKROOT = iphoneos;
				SWIFT_OPTIMIZATION_LEVEL = "-Onone";
			};
			name = Debug;
		};
		E7FB00C61BC0A55900CEB3B1 /* Release */ = {
			isa = XCBuildConfiguration;
			buildSettings = {
				ALWAYS_SEARCH_USER_PATHS = NO;
				CLANG_CXX_LANGUAGE_STANDARD = "gnu++0x";
				CLANG_CXX_LIBRARY = "libc++";
				CLANG_ENABLE_MODULES = YES;
				CLANG_ENABLE_OBJC_ARC = YES;
				CLANG_WARN_BOOL_CONVERSION = YES;
				CLANG_WARN_CONSTANT_CONVERSION = YES;
				CLANG_WARN_DIRECT_OBJC_ISA_USAGE = YES_ERROR;
				CLANG_WARN_EMPTY_BODY = YES;
				CLANG_WARN_ENUM_CONVERSION = YES;
				CLANG_WARN_INT_CONVERSION = YES;
				CLANG_WARN_OBJC_ROOT_CLASS = YES_ERROR;
				CLANG_WARN_UNREACHABLE_CODE = YES;
				CLANG_WARN__DUPLICATE_METHOD_MATCH = YES;
				"CODE_SIGN_IDENTITY[sdk=iphoneos*]" = "iPhone Developer";
				COPY_PHASE_STRIP = NO;
				DEBUG_INFORMATION_FORMAT = "dwarf-with-dsym";
				ENABLE_NS_ASSERTIONS = NO;
				ENABLE_STRICT_OBJC_MSGSEND = YES;
				GCC_C_LANGUAGE_STANDARD = gnu99;
				GCC_NO_COMMON_BLOCKS = YES;
				GCC_WARN_64_TO_32_BIT_CONVERSION = YES;
				GCC_WARN_ABOUT_RETURN_TYPE = YES_ERROR;
				GCC_WARN_UNDECLARED_SELECTOR = YES;
				GCC_WARN_UNINITIALIZED_AUTOS = YES_AGGRESSIVE;
				GCC_WARN_UNUSED_FUNCTION = YES;
				GCC_WARN_UNUSED_VARIABLE = YES;
				IPHONEOS_DEPLOYMENT_TARGET = 8.4;
				MTL_ENABLE_DEBUG_INFO = NO;
				SDKROOT = iphoneos;
				VALIDATE_PRODUCT = YES;
			};
			name = Release;
		};
		E7FB00C81BC0A55900CEB3B1 /* Debug */ = {
			isa = XCBuildConfiguration;
			buildSettings = {
				ASSETCATALOG_COMPILER_APPICON_NAME = AppIcon;
				INFOPLIST_FILE = YAMAMURA_Mentor_Test/Info.plist;
				LD_RUNPATH_SEARCH_PATHS = "$(inherited) @executable_path/Frameworks";
				PRODUCT_NAME = "$(TARGET_NAME)";
			};
			name = Debug;
		};
		E7FB00C91BC0A55900CEB3B1 /* Release */ = {
			isa = XCBuildConfiguration;
			buildSettings = {
				ASSETCATALOG_COMPILER_APPICON_NAME = AppIcon;
				INFOPLIST_FILE = YAMAMURA_Mentor_Test/Info.plist;
				LD_RUNPATH_SEARCH_PATHS = "$(inherited) @executable_path/Frameworks";
				PRODUCT_NAME = "$(TARGET_NAME)";
			};
			name = Release;
		};
		E7FB00CB1BC0A55A00CEB3B1 /* Debug */ = {
			isa = XCBuildConfiguration;
			buildSettings = {
				BUNDLE_LOADER = "$(TEST_HOST)";
				FRAMEWORK_SEARCH_PATHS = (
					"$(SDKROOT)/Developer/Library/Frameworks",
					"$(inherited)",
				);
				GCC_PREPROCESSOR_DEFINITIONS = (
					"DEBUG=1",
					"$(inherited)",
				);
				INFOPLIST_FILE = YAMAMURA_Mentor_TestTests/Info.plist;
				LD_RUNPATH_SEARCH_PATHS = "$(inherited) @executable_path/Frameworks @loader_path/Frameworks";
				PRODUCT_NAME = "$(TARGET_NAME)";
				TEST_HOST = "$(BUILT_PRODUCTS_DIR)/YAMAMURA_Mentor_Test.app/YAMAMURA_Mentor_Test";
			};
			name = Debug;
		};
		E7FB00CC1BC0A55A00CEB3B1 /* Release */ = {
			isa = XCBuildConfiguration;
			buildSettings = {
				BUNDLE_LOADER = "$(TEST_HOST)";
				FRAMEWORK_SEARCH_PATHS = (
					"$(SDKROOT)/Developer/Library/Frameworks",
					"$(inherited)",
				);
				INFOPLIST_FILE = YAMAMURA_Mentor_TestTests/Info.plist;
				LD_RUNPATH_SEARCH_PATHS = "$(inherited) @executable_path/Frameworks @loader_path/Frameworks";
				PRODUCT_NAME = "$(TARGET_NAME)";
				TEST_HOST = "$(BUILT_PRODUCTS_DIR)/YAMAMURA_Mentor_Test.app/YAMAMURA_Mentor_Test";
			};
			name = Release;
		};
/* End XCBuildConfiguration section */

/* Begin XCConfigurationList section */
		E7FB00A31BC0A55900CEB3B1 /* Build configuration list for PBXProject "YAMAMURA_Mentor_Test" */ = {
			isa = XCConfigurationList;
			buildConfigurations = (
				E7FB00C51BC0A55900CEB3B1 /* Debug */,
				E7FB00C61BC0A55900CEB3B1 /* Release */,
			);
			defaultConfigurationIsVisible = 0;
			defaultConfigurationName = Release;
		};
		E7FB00C71BC0A55900CEB3B1 /* Build configuration list for PBXNativeTarget "YAMAMURA_Mentor_Test" */ = {
			isa = XCConfigurationList;
			buildConfigurations = (
				E7FB00C81BC0A55900CEB3B1 /* Debug */,
				E7FB00C91BC0A55900CEB3B1 /* Release */,
			);
			defaultConfigurationIsVisible = 0;
		};
		E7FB00CA1BC0A55A00CEB3B1 /* Build configuration list for PBXNativeTarget "YAMAMURA_Mentor_TestTests" */ = {
			isa = XCConfigurationList;
			buildConfigurations = (
				E7FB00CB1BC0A55A00CEB3B1 /* Debug */,
				E7FB00CC1BC0A55A00CEB3B1 /* Release */,
			);
			defaultConfigurationIsVisible = 0;
		};
/* End XCConfigurationList section */
	};
	rootObject = E7FB00A01BC0A55900CEB3B1 /* Project object */;
}
