// !$*UTF8*$!
{
	archiveVersion = 1;
	classes = {
	};
	objectVersion = 46;
	objects = {

/* Begin PBXBuildFile section */
		E7FB01961BC0EF0200CEB3B1 /* AppDelegate.swift in Sources */ = {isa = PBXBuildFile; fileRef = E7FB01951BC0EF0200CEB3B1 /* AppDelegate.swift */; };
		E7FB01981BC0EF0200CEB3B1 /* ViewController.swift in Sources */ = {isa = PBXBuildFile; fileRef = E7FB01971BC0EF0200CEB3B1 /* ViewController.swift */; };
		E7FB019B1BC0EF0200CEB3B1 /* Main.storyboard in Resources */ = {isa = PBXBuildFile; fileRef = E7FB01991BC0EF0200CEB3B1 /* Main.storyboard */; };
		E7FB019D1BC0EF0200CEB3B1 /* Images.xcassets in Resources */ = {isa = PBXBuildFile; fileRef = E7FB019C1BC0EF0200CEB3B1 /* Images.xcassets */; };
		E7FB01A01BC0EF0200CEB3B1 /* LaunchScreen.xib in Resources */ = {isa = PBXBuildFile; fileRef = E7FB019E1BC0EF0200CEB3B1 /* LaunchScreen.xib */; };
		E7FB01AC1BC0EF0300CEB3B1 /* practice_delegateTests.swift in Sources */ = {isa = PBXBuildFile; fileRef = E7FB01AB1BC0EF0300CEB3B1 /* practice_delegateTests.swift */; };
/* End PBXBuildFile section */

/* Begin PBXContainerItemProxy section */
		E7FB01A61BC0EF0300CEB3B1 /* PBXContainerItemProxy */ = {
			isa = PBXContainerItemProxy;
			containerPortal = E7FB01881BC0EF0200CEB3B1 /* Project object */;
			proxyType = 1;
			remoteGlobalIDString = E7FB018F1BC0EF0200CEB3B1;
			remoteInfo = practice_delegate;
		};
/* End PBXContainerItemProxy section */

/* Begin PBXFileReference section */
		E7FB01901BC0EF0200CEB3B1 /* practice_delegate.app */ = {isa = PBXFileReference; explicitFileType = wrapper.application; includeInIndex = 0; path = practice_delegate.app; sourceTree = BUILT_PRODUCTS_DIR; };
		E7FB01941BC0EF0200CEB3B1 /* Info.plist */ = {isa = PBXFileReference; lastKnownFileType = text.plist.xml; path = Info.plist; sourceTree = "<group>"; };
		E7FB01951BC0EF0200CEB3B1 /* AppDelegate.swift */ = {isa = PBXFileReference; lastKnownFileType = sourcecode.swift; path = AppDelegate.swift; sourceTree = "<group>"; };
		E7FB01971BC0EF0200CEB3B1 /* ViewController.swift */ = {isa = PBXFileReference; lastKnownFileType = sourcecode.swift; path = ViewController.swift; sourceTree = "<group>"; };
		E7FB019A1BC0EF0200CEB3B1 /* Base */ = {isa = PBXFileReference; lastKnownFileType = file.storyboard; name = Base; path = Base.lproj/Main.storyboard; sourceTree = "<group>"; };
		E7FB019C1BC0EF0200CEB3B1 /* Images.xcassets */ = {isa = PBXFileReference; lastKnownFileType = folder.assetcatalog; path = Images.xcassets; sourceTree = "<group>"; };
		E7FB019F1BC0EF0200CEB3B1 /* Base */ = {isa = PBXFileReference; lastKnownFileType = file.xib; name = Base; path = Base.lproj/LaunchScreen.xib; sourceTree = "<group>"; };
		E7FB01A51BC0EF0300CEB3B1 /* practice_delegateTests.xctest */ = {isa = PBXFileReference; explicitFileType = wrapper.cfbundle; includeInIndex = 0; path = practice_delegateTests.xctest; sourceTree = BUILT_PRODUCTS_DIR; };
		E7FB01AA1BC0EF0300CEB3B1 /* Info.plist */ = {isa = PBXFileReference; lastKnownFileType = text.plist.xml; path = Info.plist; sourceTree = "<group>"; };
		E7FB01AB1BC0EF0300CEB3B1 /* practice_delegateTests.swift */ = {isa = PBXFileReference; lastKnownFileType = sourcecode.swift; path = practice_delegateTests.swift; sourceTree = "<group>"; };
/* End PBXFileReference section */

/* Begin PBXFrameworksBuildPhase section */
		E7FB018D1BC0EF0200CEB3B1 /* Frameworks */ = {
			isa = PBXFrameworksBuildPhase;
			buildActionMask = 2147483647;
			files = (
			);
			runOnlyForDeploymentPostprocessing = 0;
		};
		E7FB01A21BC0EF0300CEB3B1 /* Frameworks */ = {
			isa = PBXFrameworksBuildPhase;
			buildActionMask = 2147483647;
			files = (
			);
			runOnlyForDeploymentPostprocessing = 0;
		};
/* End PBXFrameworksBuildPhase section */

/* Begin PBXGroup section */
		E7FB01871BC0EF0200CEB3B1 = {
			isa = PBXGroup;
			children = (
				E7FB01921BC0EF0200CEB3B1 /* practice_delegate */,
				E7FB01A81BC0EF0300CEB3B1 /* practice_delegateTests */,
				E7FB01911BC0EF0200CEB3B1 /* Products */,
			);
			sourceTree = "<group>";
		};
		E7FB01911BC0EF0200CEB3B1 /* Products */ = {
			isa = PBXGroup;
			children = (
				E7FB01901BC0EF0200CEB3B1 /* practice_delegate.app */,
				E7FB01A51BC0EF0300CEB3B1 /* practice_delegateTests.xctest */,
			);
			name = Products;
			sourceTree = "<group>";
		};
		E7FB01921BC0EF0200CEB3B1 /* practice_delegate */ = {
			isa = PBXGroup;
			children = (
				E7FB01951BC0EF0200CEB3B1 /* AppDelegate.swift */,
				E7FB01971BC0EF0200CEB3B1 /* ViewController.swift */,
				E7FB01991BC0EF0200CEB3B1 /* Main.storyboard */,
				E7FB019C1BC0EF0200CEB3B1 /* Images.xcassets */,
				E7FB019E1BC0EF0200CEB3B1 /* LaunchScreen.xib */,
				E7FB01931BC0EF0200CEB3B1 /* Supporting Files */,
			);
			path = practice_delegate;
			sourceTree = "<group>";
		};
		E7FB01931BC0EF0200CEB3B1 /* Supporting Files */ = {
			isa = PBXGroup;
			children = (
				E7FB01941BC0EF0200CEB3B1 /* Info.plist */,
			);
			name = "Supporting Files";
			sourceTree = "<group>";
		};
		E7FB01A81BC0EF0300CEB3B1 /* practice_delegateTests */ = {
			isa = PBXGroup;
			children = (
				E7FB01AB1BC0EF0300CEB3B1 /* practice_delegateTests.swift */,
				E7FB01A91BC0EF0300CEB3B1 /* Supporting Files */,
			);
			path = practice_delegateTests;
			sourceTree = "<group>";
		};
		E7FB01A91BC0EF0300CEB3B1 /* Supporting Files */ = {
			isa = PBXGroup;
			children = (
				E7FB01AA1BC0EF0300CEB3B1 /* Info.plist */,
			);
			name = "Supporting Files";
			sourceTree = "<group>";
		};
/* End PBXGroup section */

/* Begin PBXNativeTarget section */
		E7FB018F1BC0EF0200CEB3B1 /* practice_delegate */ = {
			isa = PBXNativeTarget;
			buildConfigurationList = E7FB01AF1BC0EF0300CEB3B1 /* Build configuration list for PBXNativeTarget "practice_delegate" */;
			buildPhases = (
				E7FB018C1BC0EF0200CEB3B1 /* Sources */,
				E7FB018D1BC0EF0200CEB3B1 /* Frameworks */,
				E7FB018E1BC0EF0200CEB3B1 /* Resources */,
			);
			buildRules = (
			);
			dependencies = (
			);
			name = practice_delegate;
			productName = practice_delegate;
			productReference = E7FB01901BC0EF0200CEB3B1 /* practice_delegate.app */;
			productType = "com.apple.product-type.application";
		};
		E7FB01A41BC0EF0300CEB3B1 /* practice_delegateTests */ = {
			isa = PBXNativeTarget;
			buildConfigurationList = E7FB01B21BC0EF0300CEB3B1 /* Build configuration list for PBXNativeTarget "practice_delegateTests" */;
			buildPhases = (
				E7FB01A11BC0EF0300CEB3B1 /* Sources */,
				E7FB01A21BC0EF0300CEB3B1 /* Frameworks */,
				E7FB01A31BC0EF0300CEB3B1 /* Resources */,
			);
			buildRules = (
			);
			dependencies = (
				E7FB01A71BC0EF0300CEB3B1 /* PBXTargetDependency */,
			);
			name = practice_delegateTests;
			productName = practice_delegateTests;
			productReference = E7FB01A51BC0EF0300CEB3B1 /* practice_delegateTests.xctest */;
			productType = "com.apple.product-type.bundle.unit-test";
		};
/* End PBXNativeTarget section */

/* Begin PBXProject section */
		E7FB01881BC0EF0200CEB3B1 /* Project object */ = {
			isa = PBXProject;
			attributes = {
				LastUpgradeCheck = 0640;
				ORGANIZATIONNAME = "山村　武史";
				TargetAttributes = {
					E7FB018F1BC0EF0200CEB3B1 = {
						CreatedOnToolsVersion = 6.4;
					};
					E7FB01A41BC0EF0300CEB3B1 = {
						CreatedOnToolsVersion = 6.4;
						TestTargetID = E7FB018F1BC0EF0200CEB3B1;
					};
				};
			};
			buildConfigurationList = E7FB018B1BC0EF0200CEB3B1 /* Build configuration list for PBXProject "practice_delegate" */;
			compatibilityVersion = "Xcode 3.2";
			developmentRegion = English;
			hasScannedForEncodings = 0;
			knownRegions = (
				en,
				Base,
			);
			mainGroup = E7FB01871BC0EF0200CEB3B1;
			productRefGroup = E7FB01911BC0EF0200CEB3B1 /* Products */;
			projectDirPath = "";
			projectRoot = "";
			targets = (
				E7FB018F1BC0EF0200CEB3B1 /* practice_delegate */,
				E7FB01A41BC0EF0300CEB3B1 /* practice_delegateTests */,
			);
		};
/* End PBXProject section */

/* Begin PBXResourcesBuildPhase section */
		E7FB018E1BC0EF0200CEB3B1 /* Resources */ = {
			isa = PBXResourcesBuildPhase;
			buildActionMask = 2147483647;
			files = (
				E7FB019B1BC0EF0200CEB3B1 /* Main.storyboard in Resources */,
				E7FB01A01BC0EF0200CEB3B1 /* LaunchScreen.xib in Resources */,
				E7FB019D1BC0EF0200CEB3B1 /* Images.xcassets in Resources */,
			);
			runOnlyForDeploymentPostprocessing = 0;
		};
		E7FB01A31BC0EF0300CEB3B1 /* Resources */ = {
			isa = PBXResourcesBuildPhase;
			buildActionMask = 2147483647;
			files = (
			);
			runOnlyForDeploymentPostprocessing = 0;
		};
/* End PBXResourcesBuildPhase section */

/* Begin PBXSourcesBuildPhase section */
		E7FB018C1BC0EF0200CEB3B1 /* Sources */ = {
			isa = PBXSourcesBuildPhase;
			buildActionMask = 2147483647;
			files = (
				E7FB01981BC0EF0200CEB3B1 /* ViewController.swift in Sources */,
				E7FB01961BC0EF0200CEB3B1 /* AppDelegate.swift in Sources */,
			);
			runOnlyForDeploymentPostprocessing = 0;
		};
		E7FB01A11BC0EF0300CEB3B1 /* Sources */ = {
			isa = PBXSourcesBuildPhase;
			buildActionMask = 2147483647;
			files = (
				E7FB01AC1BC0EF0300CEB3B1 /* practice_delegateTests.swift in Sources */,
			);
			runOnlyForDeploymentPostprocessing = 0;
		};
/* End PBXSourcesBuildPhase section */

/* Begin PBXTargetDependency section */
		E7FB01A71BC0EF0300CEB3B1 /* PBXTargetDependency */ = {
			isa = PBXTargetDependency;
			target = E7FB018F1BC0EF0200CEB3B1 /* practice_delegate */;
			targetProxy = E7FB01A61BC0EF0300CEB3B1 /* PBXContainerItemProxy */;
		};
/* End PBXTargetDependency section */

/* Begin PBXVariantGroup section */
		E7FB01991BC0EF0200CEB3B1 /* Main.storyboard */ = {
			isa = PBXVariantGroup;
			children = (
				E7FB019A1BC0EF0200CEB3B1 /* Base */,
			);
			name = Main.storyboard;
			sourceTree = "<group>";
		};
		E7FB019E1BC0EF0200CEB3B1 /* LaunchScreen.xib */ = {
			isa = PBXVariantGroup;
			children = (
				E7FB019F1BC0EF0200CEB3B1 /* Base */,
			);
			name = LaunchScreen.xib;
			sourceTree = "<group>";
		};
/* End PBXVariantGroup section */

/* Begin XCBuildConfiguration section */
		E7FB01AD1BC0EF0300CEB3B1 /* Debug */ = {
			isa = XCBuildConfiguration;
			buildSettings = {
				ALWAYS_SEARCH_USER_PATHS = NO;
				CLANG_CXX_LANGUAGE_STANDARD = "gnu++0x";
				CLANG_CXX_LIBRARY = "libc++";
				CLANG_ENABLE_MODULES = YES;
				CLANG_ENABLE_OBJC_ARC = YES;
				CLANG_WARN_BOOL_CONVERSION = YES;
				CLANG_WARN_CONSTANT_CONVERSION = YES;
				CLANG_WARN_DIRECT_OBJC_ISA_USAGE = YES_ERROR;
				CLANG_WARN_EMPTY_BODY = YES;
				CLANG_WARN_ENUM_CONVERSION = YES;
				CLANG_WARN_INT_CONVERSION = YES;
				CLANG_WARN_OBJC_ROOT_CLASS = YES_ERROR;
				CLANG_WARN_UNREACHABLE_CODE = YES;
				CLANG_WARN__DUPLICATE_METHOD_MATCH = YES;
				"CODE_SIGN_IDENTITY[sdk=iphoneos*]" = "iPhone Developer";
				COPY_PHASE_STRIP = NO;
				DEBUG_INFORMATION_FORMAT = "dwarf-with-dsym";
				ENABLE_STRICT_OBJC_MSGSEND = YES;
				GCC_C_LANGUAGE_STANDARD = gnu99;
				GCC_DYNAMIC_NO_PIC = NO;
				GCC_NO_COMMON_BLOCKS = YES;
				GCC_OPTIMIZATION_LEVEL = 0;
				GCC_PREPROCESSOR_DEFINITIONS = (
					"DEBUG=1",
					"$(inherited)",
				);
				GCC_SYMBOLS_PRIVATE_EXTERN = NO;
				GCC_WARN_64_TO_32_BIT_CONVERSION = YES;
				GCC_WARN_ABOUT_RETURN_TYPE = YES_ERROR;
				GCC_WARN_UNDECLARED_SELECTOR = YES;
				GCC_WARN_UNINITIALIZED_AUTOS = YES_AGGRESSIVE;
				GCC_WARN_UNUSED_FUNCTION = YES;
				GCC_WARN_UNUSED_VARIABLE = YES;
				IPHONEOS_DEPLOYMENT_TARGET = 8.4;
				MTL_ENABLE_DEBUG_INFO = YES;
				ONLY_ACTIVE_ARCH = YES;
				SDKROOT = iphoneos;
				SWIFT_OPTIMIZATION_LEVEL = "-Onone";
			};
			name = Debug;
		};
		E7FB01AE1BC0EF0300CEB3B1 /* Release */ = {
			isa = XCBuildConfiguration;
			buildSettings = {
				ALWAYS_SEARCH_USER_PATHS = NO;
				CLANG_CXX_LANGUAGE_STANDARD = "gnu++0x";
				CLANG_CXX_LIBRARY = "libc++";
				CLANG_ENABLE_MODULES = YES;
				CLANG_ENABLE_OBJC_ARC = YES;
				CLANG_WARN_BOOL_CONVERSION = YES;
				CLANG_WARN_CONSTANT_CONVERSION = YES;
				CLANG_WARN_DIRECT_OBJC_ISA_USAGE = YES_ERROR;
				CLANG_WARN_EMPTY_BODY = YES;
				CLANG_WARN_ENUM_CONVERSION = YES;
				CLANG_WARN_INT_CONVERSION = YES;
				CLANG_WARN_OBJC_ROOT_CLASS = YES_ERROR;
				CLANG_WARN_UNREACHABLE_CODE = YES;
				CLANG_WARN__DUPLICATE_METHOD_MATCH = YES;
				"CODE_SIGN_IDENTITY[sdk=iphoneos*]" = "iPhone Developer";
				COPY_PHASE_STRIP = NO;
				DEBUG_INFORMATION_FORMAT = "dwarf-with-dsym";
				ENABLE_NS_ASSERTIONS = NO;
				ENABLE_STRICT_OBJC_MSGSEND = YES;
				GCC_C_LANGUAGE_STANDARD = gnu99;
				GCC_NO_COMMON_BLOCKS = YES;
				GCC_WARN_64_TO_32_BIT_CONVERSION = YES;
				GCC_WARN_ABOUT_RETURN_TYPE = YES_ERROR;
				GCC_WARN_UNDECLARED_SELECTOR = YES;
				GCC_WARN_UNINITIALIZED_AUTOS = YES_AGGRESSIVE;
				GCC_WARN_UNUSED_FUNCTION = YES;
				GCC_WARN_UNUSED_VARIABLE = YES;
				IPHONEOS_DEPLOYMENT_TARGET = 8.4;
				MTL_ENABLE_DEBUG_INFO = NO;
				SDKROOT = iphoneos;
				VALIDATE_PRODUCT = YES;
			};
			name = Release;
		};
		E7FB01B01BC0EF0300CEB3B1 /* Debug */ = {
			isa = XCBuildConfiguration;
			buildSettings = {
				ASSETCATALOG_COMPILER_APPICON_NAME = AppIcon;
				INFOPLIST_FILE = practice_delegate/Info.plist;
				LD_RUNPATH_SEARCH_PATHS = "$(inherited) @executable_path/Frameworks";
				PRODUCT_NAME = "$(TARGET_NAME)";
			};
			name = Debug;
		};
		E7FB01B11BC0EF0300CEB3B1 /* Release */ = {
			isa = XCBuildConfiguration;
			buildSettings = {
				ASSETCATALOG_COMPILER_APPICON_NAME = AppIcon;
				INFOPLIST_FILE = practice_delegate/Info.plist;
				LD_RUNPATH_SEARCH_PATHS = "$(inherited) @executable_path/Frameworks";
				PRODUCT_NAME = "$(TARGET_NAME)";
			};
			name = Release;
		};
		E7FB01B31BC0EF0300CEB3B1 /* Debug */ = {
			isa = XCBuildConfiguration;
			buildSettings = {
				BUNDLE_LOADER = "$(TEST_HOST)";
				FRAMEWORK_SEARCH_PATHS = (
					"$(SDKROOT)/Developer/Library/Frameworks",
					"$(inherited)",
				);
				GCC_PREPROCESSOR_DEFINITIONS = (
					"DEBUG=1",
					"$(inherited)",
				);
				INFOPLIST_FILE = practice_delegateTests/Info.plist;
				LD_RUNPATH_SEARCH_PATHS = "$(inherited) @executable_path/Frameworks @loader_path/Frameworks";
				PRODUCT_NAME = "$(TARGET_NAME)";
				TEST_HOST = "$(BUILT_PRODUCTS_DIR)/practice_delegate.app/practice_delegate";
			};
			name = Debug;
		};
		E7FB01B41BC0EF0300CEB3B1 /* Release */ = {
			isa = XCBuildConfiguration;
			buildSettings = {
				BUNDLE_LOADER = "$(TEST_HOST)";
				FRAMEWORK_SEARCH_PATHS = (
					"$(SDKROOT)/Developer/Library/Frameworks",
					"$(inherited)",
				);
				INFOPLIST_FILE = practice_delegateTests/Info.plist;
				LD_RUNPATH_SEARCH_PATHS = "$(inherited) @executable_path/Frameworks @loader_path/Frameworks";
				PRODUCT_NAME = "$(TARGET_NAME)";
				TEST_HOST = "$(BUILT_PRODUCTS_DIR)/practice_delegate.app/practice_delegate";
			};
			name = Release;
		};
/* End XCBuildConfiguration section */

/* Begin XCConfigurationList section */
		E7FB018B1BC0EF0200CEB3B1 /* Build configuration list for PBXProject "practice_delegate" */ = {
			isa = XCConfigurationList;
			buildConfigurations = (
				E7FB01AD1BC0EF0300CEB3B1 /* Debug */,
				E7FB01AE1BC0EF0300CEB3B1 /* Release */,
			);
			defaultConfigurationIsVisible = 0;
			defaultConfigurationName = Release;
		};
		E7FB01AF1BC0EF0300CEB3B1 /* Build configuration list for PBXNativeTarget "practice_delegate" */ = {
			isa = XCConfigurationList;
			buildConfigurations = (
				E7FB01B01BC0EF0300CEB3B1 /* Debug */,
				E7FB01B11BC0EF0300CEB3B1 /* Release */,
			);
			defaultConfigurationIsVisible = 0;
		};
		E7FB01B21BC0EF0300CEB3B1 /* Build configuration list for PBXNativeTarget "practice_delegateTests" */ = {
			isa = XCConfigurationList;
			buildConfigurations = (
				E7FB01B31BC0EF0300CEB3B1 /* Debug */,
				E7FB01B41BC0EF0300CEB3B1 /* Release */,
			);
			defaultConfigurationIsVisible = 0;
		};
/* End XCConfigurationList section */
	};
	rootObject = E7FB01881BC0EF0200CEB3B1 /* Project object */;
}
