// !$*UTF8*$!
{
	archiveVersion = 1;
	classes = {
	};
	objectVersion = 46;
	objects = {

/* Begin PBXBuildFile section */
		E70EDF751BCEB43700F8690D /* NewTweetViewController.swift in Sources */ = {isa = PBXBuildFile; fileRef = E70EDF741BCEB43700F8690D /* NewTweetViewController.swift */; };
		E72C085E1BCE508D00B3C56E /* TweetsTableViewController.swift in Sources */ = {isa = PBXBuildFile; fileRef = E72C085D1BCE508D00B3C56E /* TweetsTableViewController.swift */; };
		E72C08631BCE7B6200B3C56E /* Tweet.swift in Sources */ = {isa = PBXBuildFile; fileRef = E72C08621BCE7B6200B3C56E /* Tweet.swift */; };
		E72C08651BCE83F600B3C56E /* TweetsCollection.swift in Sources */ = {isa = PBXBuildFile; fileRef = E72C08641BCE83F600B3C56E /* TweetsCollection.swift */; };
		E7C821221BCE46C300109F30 /* AppDelegate.swift in Sources */ = {isa = PBXBuildFile; fileRef = E7C821211BCE46C300109F30 /* AppDelegate.swift */; };
		E7C821271BCE46C300109F30 /* Main.storyboard in Resources */ = {isa = PBXBuildFile; fileRef = E7C821251BCE46C300109F30 /* Main.storyboard */; };
		E7C821291BCE46C300109F30 /* Images.xcassets in Resources */ = {isa = PBXBuildFile; fileRef = E7C821281BCE46C300109F30 /* Images.xcassets */; };
		E7C8212C1BCE46C300109F30 /* LaunchScreen.xib in Resources */ = {isa = PBXBuildFile; fileRef = E7C8212A1BCE46C300109F30 /* LaunchScreen.xib */; };
		E7C821381BCE46C300109F30 /* mumutweetTests.swift in Sources */ = {isa = PBXBuildFile; fileRef = E7C821371BCE46C300109F30 /* mumutweetTests.swift */; };
/* End PBXBuildFile section */

/* Begin PBXContainerItemProxy section */
		E7C821321BCE46C300109F30 /* PBXContainerItemProxy */ = {
			isa = PBXContainerItemProxy;
			containerPortal = E7C821141BCE46C300109F30 /* Project object */;
			proxyType = 1;
			remoteGlobalIDString = E7C8211B1BCE46C300109F30;
			remoteInfo = mumutweet;
		};
/* End PBXContainerItemProxy section */

/* Begin PBXFileReference section */
		E70EDF741BCEB43700F8690D /* NewTweetViewController.swift */ = {isa = PBXFileReference; fileEncoding = 4; lastKnownFileType = sourcecode.swift; path = NewTweetViewController.swift; sourceTree = "<group>"; };
		E72C085D1BCE508D00B3C56E /* TweetsTableViewController.swift */ = {isa = PBXFileReference; fileEncoding = 4; lastKnownFileType = sourcecode.swift; path = TweetsTableViewController.swift; sourceTree = "<group>"; };
		E72C08621BCE7B6200B3C56E /* Tweet.swift */ = {isa = PBXFileReference; fileEncoding = 4; lastKnownFileType = sourcecode.swift; path = Tweet.swift; sourceTree = "<group>"; };
		E72C08641BCE83F600B3C56E /* TweetsCollection.swift */ = {isa = PBXFileReference; fileEncoding = 4; lastKnownFileType = sourcecode.swift; path = TweetsCollection.swift; sourceTree = "<group>"; };
		E7C8211C1BCE46C300109F30 /* mumutweet.app */ = {isa = PBXFileReference; explicitFileType = wrapper.application; includeInIndex = 0; path = mumutweet.app; sourceTree = BUILT_PRODUCTS_DIR; };
		E7C821201BCE46C300109F30 /* Info.plist */ = {isa = PBXFileReference; lastKnownFileType = text.plist.xml; path = Info.plist; sourceTree = "<group>"; };
		E7C821211BCE46C300109F30 /* AppDelegate.swift */ = {isa = PBXFileReference; lastKnownFileType = sourcecode.swift; path = AppDelegate.swift; sourceTree = "<group>"; };
		E7C821261BCE46C300109F30 /* Base */ = {isa = PBXFileReference; lastKnownFileType = file.storyboard; name = Base; path = Base.lproj/Main.storyboard; sourceTree = "<group>"; };
		E7C821281BCE46C300109F30 /* Images.xcassets */ = {isa = PBXFileReference; lastKnownFileType = folder.assetcatalog; path = Images.xcassets; sourceTree = "<group>"; };
		E7C8212B1BCE46C300109F30 /* Base */ = {isa = PBXFileReference; lastKnownFileType = file.xib; name = Base; path = Base.lproj/LaunchScreen.xib; sourceTree = "<group>"; };
		E7C821311BCE46C300109F30 /* mumutweetTests.xctest */ = {isa = PBXFileReference; explicitFileType = wrapper.cfbundle; includeInIndex = 0; path = mumutweetTests.xctest; sourceTree = BUILT_PRODUCTS_DIR; };
		E7C821361BCE46C300109F30 /* Info.plist */ = {isa = PBXFileReference; lastKnownFileType = text.plist.xml; path = Info.plist; sourceTree = "<group>"; };
		E7C821371BCE46C300109F30 /* mumutweetTests.swift */ = {isa = PBXFileReference; lastKnownFileType = sourcecode.swift; path = mumutweetTests.swift; sourceTree = "<group>"; };
/* End PBXFileReference section */

/* Begin PBXFrameworksBuildPhase section */
		E7C821191BCE46C300109F30 /* Frameworks */ = {
			isa = PBXFrameworksBuildPhase;
			buildActionMask = 2147483647;
			files = (
			);
			runOnlyForDeploymentPostprocessing = 0;
		};
		E7C8212E1BCE46C300109F30 /* Frameworks */ = {
			isa = PBXFrameworksBuildPhase;
			buildActionMask = 2147483647;
			files = (
			);
			runOnlyForDeploymentPostprocessing = 0;
		};
/* End PBXFrameworksBuildPhase section */

/* Begin PBXGroup section */
		E72C085F1BCE7AF400B3C56E /* model */ = {
			isa = PBXGroup;
			children = (
				E72C08621BCE7B6200B3C56E /* Tweet.swift */,
				E72C08641BCE83F600B3C56E /* TweetsCollection.swift */,
			);
			name = model;
			sourceTree = "<group>";
		};
		E72C08601BCE7AFF00B3C56E /* view */ = {
			isa = PBXGroup;
			children = (
			);
			name = view;
			sourceTree = "<group>";
		};
		E72C08611BCE7B1400B3C56E /* controller */ = {
			isa = PBXGroup;
			children = (
				E72C085D1BCE508D00B3C56E /* TweetsTableViewController.swift */,
				E70EDF741BCEB43700F8690D /* NewTweetViewController.swift */,
			);
			name = controller;
			sourceTree = "<group>";
		};
		E7C821131BCE46C300109F30 = {
			isa = PBXGroup;
			children = (
				E7C8211E1BCE46C300109F30 /* mumutweet */,
				E7C821341BCE46C300109F30 /* mumutweetTests */,
				E7C8211D1BCE46C300109F30 /* Products */,
			);
			sourceTree = "<group>";
		};
		E7C8211D1BCE46C300109F30 /* Products */ = {
			isa = PBXGroup;
			children = (
				E7C8211C1BCE46C300109F30 /* mumutweet.app */,
				E7C821311BCE46C300109F30 /* mumutweetTests.xctest */,
			);
			name = Products;
			sourceTree = "<group>";
		};
		E7C8211E1BCE46C300109F30 /* mumutweet */ = {
			isa = PBXGroup;
			children = (
				E72C08611BCE7B1400B3C56E /* controller */,
				E72C085F1BCE7AF400B3C56E /* model */,
				E7C821211BCE46C300109F30 /* AppDelegate.swift */,
				E7C821251BCE46C300109F30 /* Main.storyboard */,
				E72C08601BCE7AFF00B3C56E /* view */,
				E7C821281BCE46C300109F30 /* Images.xcassets */,
				E7C8212A1BCE46C300109F30 /* LaunchScreen.xib */,
				E7C8211F1BCE46C300109F30 /* Supporting Files */,
			);
			path = mumutweet;
			sourceTree = "<group>";
		};
		E7C8211F1BCE46C300109F30 /* Supporting Files */ = {
			isa = PBXGroup;
			children = (
				E7C821201BCE46C300109F30 /* Info.plist */,
			);
			name = "Supporting Files";
			sourceTree = "<group>";
		};
		E7C821341BCE46C300109F30 /* mumutweetTests */ = {
			isa = PBXGroup;
			children = (
				E7C821371BCE46C300109F30 /* mumutweetTests.swift */,
				E7C821351BCE46C300109F30 /* Supporting Files */,
			);
			path = mumutweetTests;
			sourceTree = "<group>";
		};
		E7C821351BCE46C300109F30 /* Supporting Files */ = {
			isa = PBXGroup;
			children = (
				E7C821361BCE46C300109F30 /* Info.plist */,
			);
			name = "Supporting Files";
			sourceTree = "<group>";
		};
/* End PBXGroup section */

/* Begin PBXNativeTarget section */
		E7C8211B1BCE46C300109F30 /* mumutweet */ = {
			isa = PBXNativeTarget;
			buildConfigurationList = E7C8213B1BCE46C300109F30 /* Build configuration list for PBXNativeTarget "mumutweet" */;
			buildPhases = (
				E7C821181BCE46C300109F30 /* Sources */,
				E7C821191BCE46C300109F30 /* Frameworks */,
				E7C8211A1BCE46C300109F30 /* Resources */,
			);
			buildRules = (
			);
			dependencies = (
			);
			name = mumutweet;
			productName = mumutweet;
			productReference = E7C8211C1BCE46C300109F30 /* mumutweet.app */;
			productType = "com.apple.product-type.application";
		};
		E7C821301BCE46C300109F30 /* mumutweetTests */ = {
			isa = PBXNativeTarget;
			buildConfigurationList = E7C8213E1BCE46C300109F30 /* Build configuration list for PBXNativeTarget "mumutweetTests" */;
			buildPhases = (
				E7C8212D1BCE46C300109F30 /* Sources */,
				E7C8212E1BCE46C300109F30 /* Frameworks */,
				E7C8212F1BCE46C300109F30 /* Resources */,
			);
			buildRules = (
			);
			dependencies = (
				E7C821331BCE46C300109F30 /* PBXTargetDependency */,
			);
			name = mumutweetTests;
			productName = mumutweetTests;
			productReference = E7C821311BCE46C300109F30 /* mumutweetTests.xctest */;
			productType = "com.apple.product-type.bundle.unit-test";
		};
/* End PBXNativeTarget section */

/* Begin PBXProject section */
		E7C821141BCE46C300109F30 /* Project object */ = {
			isa = PBXProject;
			attributes = {
				LastUpgradeCheck = 0640;
				ORGANIZATIONNAME = "山村　武史";
				TargetAttributes = {
					E7C8211B1BCE46C300109F30 = {
						CreatedOnToolsVersion = 6.4;
					};
					E7C821301BCE46C300109F30 = {
						CreatedOnToolsVersion = 6.4;
						TestTargetID = E7C8211B1BCE46C300109F30;
					};
				};
			};
			buildConfigurationList = E7C821171BCE46C300109F30 /* Build configuration list for PBXProject "mumutweet" */;
			compatibilityVersion = "Xcode 3.2";
			developmentRegion = English;
			hasScannedForEncodings = 0;
			knownRegions = (
				en,
				Base,
			);
			mainGroup = E7C821131BCE46C300109F30;
			productRefGroup = E7C8211D1BCE46C300109F30 /* Products */;
			projectDirPath = "";
			projectRoot = "";
			targets = (
				E7C8211B1BCE46C300109F30 /* mumutweet */,
				E7C821301BCE46C300109F30 /* mumutweetTests */,
			);
		};
/* End PBXProject section */

/* Begin PBXResourcesBuildPhase section */
		E7C8211A1BCE46C300109F30 /* Resources */ = {
			isa = PBXResourcesBuildPhase;
			buildActionMask = 2147483647;
			files = (
				E7C821271BCE46C300109F30 /* Main.storyboard in Resources */,
				E7C8212C1BCE46C300109F30 /* LaunchScreen.xib in Resources */,
				E7C821291BCE46C300109F30 /* Images.xcassets in Resources */,
			);
			runOnlyForDeploymentPostprocessing = 0;
		};
		E7C8212F1BCE46C300109F30 /* Resources */ = {
			isa = PBXResourcesBuildPhase;
			buildActionMask = 2147483647;
			files = (
			);
			runOnlyForDeploymentPostprocessing = 0;
		};
/* End PBXResourcesBuildPhase section */

/* Begin PBXSourcesBuildPhase section */
		E7C821181BCE46C300109F30 /* Sources */ = {
			isa = PBXSourcesBuildPhase;
			buildActionMask = 2147483647;
			files = (
				E72C08631BCE7B6200B3C56E /* Tweet.swift in Sources */,
				E72C08651BCE83F600B3C56E /* TweetsCollection.swift in Sources */,
				E7C821221BCE46C300109F30 /* AppDelegate.swift in Sources */,
				E72C085E1BCE508D00B3C56E /* TweetsTableViewController.swift in Sources */,
				E70EDF751BCEB43700F8690D /* NewTweetViewController.swift in Sources */,
			);
			runOnlyForDeploymentPostprocessing = 0;
		};
		E7C8212D1BCE46C300109F30 /* Sources */ = {
			isa = PBXSourcesBuildPhase;
			buildActionMask = 2147483647;
			files = (
				E7C821381BCE46C300109F30 /* mumutweetTests.swift in Sources */,
			);
			runOnlyForDeploymentPostprocessing = 0;
		};
/* End PBXSourcesBuildPhase section */

/* Begin PBXTargetDependency section */
		E7C821331BCE46C300109F30 /* PBXTargetDependency */ = {
			isa = PBXTargetDependency;
			target = E7C8211B1BCE46C300109F30 /* mumutweet */;
			targetProxy = E7C821321BCE46C300109F30 /* PBXContainerItemProxy */;
		};
/* End PBXTargetDependency section */

/* Begin PBXVariantGroup section */
		E7C821251BCE46C300109F30 /* Main.storyboard */ = {
			isa = PBXVariantGroup;
			children = (
				E7C821261BCE46C300109F30 /* Base */,
			);
			name = Main.storyboard;
			sourceTree = "<group>";
		};
		E7C8212A1BCE46C300109F30 /* LaunchScreen.xib */ = {
			isa = PBXVariantGroup;
			children = (
				E7C8212B1BCE46C300109F30 /* Base */,
			);
			name = LaunchScreen.xib;
			sourceTree = "<group>";
		};
/* End PBXVariantGroup section */

/* Begin XCBuildConfiguration section */
		E7C821391BCE46C300109F30 /* Debug */ = {
			isa = XCBuildConfiguration;
			buildSettings = {
				ALWAYS_SEARCH_USER_PATHS = NO;
				CLANG_CXX_LANGUAGE_STANDARD = "gnu++0x";
				CLANG_CXX_LIBRARY = "libc++";
				CLANG_ENABLE_MODULES = YES;
				CLANG_ENABLE_OBJC_ARC = YES;
				CLANG_WARN_BOOL_CONVERSION = YES;
				CLANG_WARN_CONSTANT_CONVERSION = YES;
				CLANG_WARN_DIRECT_OBJC_ISA_USAGE = YES_ERROR;
				CLANG_WARN_EMPTY_BODY = YES;
				CLANG_WARN_ENUM_CONVERSION = YES;
				CLANG_WARN_INT_CONVERSION = YES;
				CLANG_WARN_OBJC_ROOT_CLASS = YES_ERROR;
				CLANG_WARN_UNREACHABLE_CODE = YES;
				CLANG_WARN__DUPLICATE_METHOD_MATCH = YES;
				"CODE_SIGN_IDENTITY[sdk=iphoneos*]" = "iPhone Developer";
				COPY_PHASE_STRIP = NO;
				DEBUG_INFORMATION_FORMAT = "dwarf-with-dsym";
				ENABLE_STRICT_OBJC_MSGSEND = YES;
				GCC_C_LANGUAGE_STANDARD = gnu99;
				GCC_DYNAMIC_NO_PIC = NO;
				GCC_NO_COMMON_BLOCKS = YES;
				GCC_OPTIMIZATION_LEVEL = 0;
				GCC_PREPROCESSOR_DEFINITIONS = (
					"DEBUG=1",
					"$(inherited)",
				);
				GCC_SYMBOLS_PRIVATE_EXTERN = NO;
				GCC_WARN_64_TO_32_BIT_CONVERSION = YES;
				GCC_WARN_ABOUT_RETURN_TYPE = YES_ERROR;
				GCC_WARN_UNDECLARED_SELECTOR = YES;
				GCC_WARN_UNINITIALIZED_AUTOS = YES_AGGRESSIVE;
				GCC_WARN_UNUSED_FUNCTION = YES;
				GCC_WARN_UNUSED_VARIABLE = YES;
				IPHONEOS_DEPLOYMENT_TARGET = 8.4;
				MTL_ENABLE_DEBUG_INFO = YES;
				ONLY_ACTIVE_ARCH = YES;
				SDKROOT = iphoneos;
				SWIFT_OPTIMIZATION_LEVEL = "-Onone";
			};
			name = Debug;
		};
		E7C8213A1BCE46C300109F30 /* Release */ = {
			isa = XCBuildConfiguration;
			buildSettings = {
				ALWAYS_SEARCH_USER_PATHS = NO;
				CLANG_CXX_LANGUAGE_STANDARD = "gnu++0x";
				CLANG_CXX_LIBRARY = "libc++";
				CLANG_ENABLE_MODULES = YES;
				CLANG_ENABLE_OBJC_ARC = YES;
				CLANG_WARN_BOOL_CONVERSION = YES;
				CLANG_WARN_CONSTANT_CONVERSION = YES;
				CLANG_WARN_DIRECT_OBJC_ISA_USAGE = YES_ERROR;
				CLANG_WARN_EMPTY_BODY = YES;
				CLANG_WARN_ENUM_CONVERSION = YES;
				CLANG_WARN_INT_CONVERSION = YES;
				CLANG_WARN_OBJC_ROOT_CLASS = YES_ERROR;
				CLANG_WARN_UNREACHABLE_CODE = YES;
				CLANG_WARN__DUPLICATE_METHOD_MATCH = YES;
				"CODE_SIGN_IDENTITY[sdk=iphoneos*]" = "iPhone Developer";
				COPY_PHASE_STRIP = NO;
				DEBUG_INFORMATION_FORMAT = "dwarf-with-dsym";
				ENABLE_NS_ASSERTIONS = NO;
				ENABLE_STRICT_OBJC_MSGSEND = YES;
				GCC_C_LANGUAGE_STANDARD = gnu99;
				GCC_NO_COMMON_BLOCKS = YES;
				GCC_WARN_64_TO_32_BIT_CONVERSION = YES;
				GCC_WARN_ABOUT_RETURN_TYPE = YES_ERROR;
				GCC_WARN_UNDECLARED_SELECTOR = YES;
				GCC_WARN_UNINITIALIZED_AUTOS = YES_AGGRESSIVE;
				GCC_WARN_UNUSED_FUNCTION = YES;
				GCC_WARN_UNUSED_VARIABLE = YES;
				IPHONEOS_DEPLOYMENT_TARGET = 8.4;
				MTL_ENABLE_DEBUG_INFO = NO;
				SDKROOT = iphoneos;
				VALIDATE_PRODUCT = YES;
			};
			name = Release;
		};
		E7C8213C1BCE46C300109F30 /* Debug */ = {
			isa = XCBuildConfiguration;
			buildSettings = {
				ASSETCATALOG_COMPILER_APPICON_NAME = AppIcon;
				INFOPLIST_FILE = mumutweet/Info.plist;
				LD_RUNPATH_SEARCH_PATHS = "$(inherited) @executable_path/Frameworks";
				PRODUCT_NAME = "$(TARGET_NAME)";
			};
			name = Debug;
		};
		E7C8213D1BCE46C300109F30 /* Release */ = {
			isa = XCBuildConfiguration;
			buildSettings = {
				ASSETCATALOG_COMPILER_APPICON_NAME = AppIcon;
				INFOPLIST_FILE = mumutweet/Info.plist;
				LD_RUNPATH_SEARCH_PATHS = "$(inherited) @executable_path/Frameworks";
				PRODUCT_NAME = "$(TARGET_NAME)";
			};
			name = Release;
		};
		E7C8213F1BCE46C300109F30 /* Debug */ = {
			isa = XCBuildConfiguration;
			buildSettings = {
				BUNDLE_LOADER = "$(TEST_HOST)";
				FRAMEWORK_SEARCH_PATHS = (
					"$(SDKROOT)/Developer/Library/Frameworks",
					"$(inherited)",
				);
				GCC_PREPROCESSOR_DEFINITIONS = (
					"DEBUG=1",
					"$(inherited)",
				);
				INFOPLIST_FILE = mumutweetTests/Info.plist;
				LD_RUNPATH_SEARCH_PATHS = "$(inherited) @executable_path/Frameworks @loader_path/Frameworks";
				PRODUCT_NAME = "$(TARGET_NAME)";
				TEST_HOST = "$(BUILT_PRODUCTS_DIR)/mumutweet.app/mumutweet";
			};
			name = Debug;
		};
		E7C821401BCE46C300109F30 /* Release */ = {
			isa = XCBuildConfiguration;
			buildSettings = {
				BUNDLE_LOADER = "$(TEST_HOST)";
				FRAMEWORK_SEARCH_PATHS = (
					"$(SDKROOT)/Developer/Library/Frameworks",
					"$(inherited)",
				);
				INFOPLIST_FILE = mumutweetTests/Info.plist;
				LD_RUNPATH_SEARCH_PATHS = "$(inherited) @executable_path/Frameworks @loader_path/Frameworks";
				PRODUCT_NAME = "$(TARGET_NAME)";
				TEST_HOST = "$(BUILT_PRODUCTS_DIR)/mumutweet.app/mumutweet";
			};
			name = Release;
		};
/* End XCBuildConfiguration section */

/* Begin XCConfigurationList section */
		E7C821171BCE46C300109F30 /* Build configuration list for PBXProject "mumutweet" */ = {
			isa = XCConfigurationList;
			buildConfigurations = (
				E7C821391BCE46C300109F30 /* Debug */,
				E7C8213A1BCE46C300109F30 /* Release */,
			);
			defaultConfigurationIsVisible = 0;
			defaultConfigurationName = Release;
		};
		E7C8213B1BCE46C300109F30 /* Build configuration list for PBXNativeTarget "mumutweet" */ = {
			isa = XCConfigurationList;
			buildConfigurations = (
				E7C8213C1BCE46C300109F30 /* Debug */,
				E7C8213D1BCE46C300109F30 /* Release */,
			);
			defaultConfigurationIsVisible = 0;
			defaultConfigurationName = Release;
		};
		E7C8213E1BCE46C300109F30 /* Build configuration list for PBXNativeTarget "mumutweetTests" */ = {
			isa = XCConfigurationList;
			buildConfigurations = (
				E7C8213F1BCE46C300109F30 /* Debug */,
				E7C821401BCE46C300109F30 /* Release */,
			);
			defaultConfigurationIsVisible = 0;
			defaultConfigurationName = Release;
		};
/* End XCConfigurationList section */
	};
	rootObject = E7C821141BCE46C300109F30 /* Project object */;
}
