// !$*UTF8*$!
{
	archiveVersion = 1;
	classes = {
	};
	objectVersion = 46;
	objects = {

/* Begin PBXBuildFile section */
		E74A18921BC6838C00516E56 /* ModalViewController.swift in Sources */ = {isa = PBXBuildFile; fileRef = E74A18911BC6838C00516E56 /* ModalViewController.swift */; };
		E7FB01C61BC11A5900CEB3B1 /* AppDelegate.swift in Sources */ = {isa = PBXBuildFile; fileRef = E7FB01C51BC11A5900CEB3B1 /* AppDelegate.swift */; };
		E7FB01C81BC11A5900CEB3B1 /* ViewController.swift in Sources */ = {isa = PBXBuildFile; fileRef = E7FB01C71BC11A5900CEB3B1 /* ViewController.swift */; };
		E7FB01CB1BC11A5900CEB3B1 /* Main.storyboard in Resources */ = {isa = PBXBuildFile; fileRef = E7FB01C91BC11A5900CEB3B1 /* Main.storyboard */; };
		E7FB01CD1BC11A5900CEB3B1 /* Images.xcassets in Resources */ = {isa = PBXBuildFile; fileRef = E7FB01CC1BC11A5900CEB3B1 /* Images.xcassets */; };
		E7FB01D01BC11A5900CEB3B1 /* LaunchScreen.xib in Resources */ = {isa = PBXBuildFile; fileRef = E7FB01CE1BC11A5900CEB3B1 /* LaunchScreen.xib */; };
		E7FB01DC1BC11A5900CEB3B1 /* delegate_practiceTests.swift in Sources */ = {isa = PBXBuildFile; fileRef = E7FB01DB1BC11A5900CEB3B1 /* delegate_practiceTests.swift */; };
		E7FB01E61BC11DEE00CEB3B1 /* modal_view.swift in Sources */ = {isa = PBXBuildFile; fileRef = E7FB01E51BC11DEE00CEB3B1 /* modal_view.swift */; };
/* End PBXBuildFile section */

/* Begin PBXContainerItemProxy section */
		E7FB01D61BC11A5900CEB3B1 /* PBXContainerItemProxy */ = {
			isa = PBXContainerItemProxy;
			containerPortal = E7FB01B81BC11A5800CEB3B1 /* Project object */;
			proxyType = 1;
			remoteGlobalIDString = E7FB01BF1BC11A5900CEB3B1;
			remoteInfo = delegate_practice;
		};
/* End PBXContainerItemProxy section */

/* Begin PBXFileReference section */
		E74A18911BC6838C00516E56 /* ModalViewController.swift */ = {isa = PBXFileReference; fileEncoding = 4; lastKnownFileType = sourcecode.swift; path = ModalViewController.swift; sourceTree = "<group>"; };
		E7FB01C01BC11A5900CEB3B1 /* delegate_practice.app */ = {isa = PBXFileReference; explicitFileType = wrapper.application; includeInIndex = 0; path = delegate_practice.app; sourceTree = BUILT_PRODUCTS_DIR; };
		E7FB01C41BC11A5900CEB3B1 /* Info.plist */ = {isa = PBXFileReference; lastKnownFileType = text.plist.xml; path = Info.plist; sourceTree = "<group>"; };
		E7FB01C51BC11A5900CEB3B1 /* AppDelegate.swift */ = {isa = PBXFileReference; lastKnownFileType = sourcecode.swift; path = AppDelegate.swift; sourceTree = "<group>"; };
		E7FB01C71BC11A5900CEB3B1 /* ViewController.swift */ = {isa = PBXFileReference; lastKnownFileType = sourcecode.swift; path = ViewController.swift; sourceTree = "<group>"; };
		E7FB01CA1BC11A5900CEB3B1 /* Base */ = {isa = PBXFileReference; lastKnownFileType = file.storyboard; name = Base; path = Base.lproj/Main.storyboard; sourceTree = "<group>"; };
		E7FB01CC1BC11A5900CEB3B1 /* Images.xcassets */ = {isa = PBXFileReference; lastKnownFileType = folder.assetcatalog; path = Images.xcassets; sourceTree = "<group>"; };
		E7FB01CF1BC11A5900CEB3B1 /* Base */ = {isa = PBXFileReference; lastKnownFileType = file.xib; name = Base; path = Base.lproj/LaunchScreen.xib; sourceTree = "<group>"; };
		E7FB01D51BC11A5900CEB3B1 /* delegate_practiceTests.xctest */ = {isa = PBXFileReference; explicitFileType = wrapper.cfbundle; includeInIndex = 0; path = delegate_practiceTests.xctest; sourceTree = BUILT_PRODUCTS_DIR; };
		E7FB01DA1BC11A5900CEB3B1 /* Info.plist */ = {isa = PBXFileReference; lastKnownFileType = text.plist.xml; path = Info.plist; sourceTree = "<group>"; };
		E7FB01DB1BC11A5900CEB3B1 /* delegate_practiceTests.swift */ = {isa = PBXFileReference; lastKnownFileType = sourcecode.swift; path = delegate_practiceTests.swift; sourceTree = "<group>"; };
		E7FB01E51BC11DEE00CEB3B1 /* modal_view.swift */ = {isa = PBXFileReference; fileEncoding = 4; lastKnownFileType = sourcecode.swift; path = modal_view.swift; sourceTree = "<group>"; };
/* End PBXFileReference section */

/* Begin PBXFrameworksBuildPhase section */
		E7FB01BD1BC11A5900CEB3B1 /* Frameworks */ = {
			isa = PBXFrameworksBuildPhase;
			buildActionMask = 2147483647;
			files = (
			);
			runOnlyForDeploymentPostprocessing = 0;
		};
		E7FB01D21BC11A5900CEB3B1 /* Frameworks */ = {
			isa = PBXFrameworksBuildPhase;
			buildActionMask = 2147483647;
			files = (
			);
			runOnlyForDeploymentPostprocessing = 0;
		};
/* End PBXFrameworksBuildPhase section */

/* Begin PBXGroup section */
		E7FB01B71BC11A5800CEB3B1 = {
			isa = PBXGroup;
			children = (
				E7FB01C21BC11A5900CEB3B1 /* delegate_practice */,
				E7FB01D81BC11A5900CEB3B1 /* delegate_practiceTests */,
				E7FB01C11BC11A5900CEB3B1 /* Products */,
			);
			sourceTree = "<group>";
		};
		E7FB01C11BC11A5900CEB3B1 /* Products */ = {
			isa = PBXGroup;
			children = (
				E7FB01C01BC11A5900CEB3B1 /* delegate_practice.app */,
				E7FB01D51BC11A5900CEB3B1 /* delegate_practiceTests.xctest */,
			);
			name = Products;
			sourceTree = "<group>";
		};
		E7FB01C21BC11A5900CEB3B1 /* delegate_practice */ = {
			isa = PBXGroup;
			children = (
				E7FB01C51BC11A5900CEB3B1 /* AppDelegate.swift */,
				E7FB01C71BC11A5900CEB3B1 /* ViewController.swift */,
				E7FB01E51BC11DEE00CEB3B1 /* modal_view.swift */,
				E7FB01C91BC11A5900CEB3B1 /* Main.storyboard */,
				E74A18911BC6838C00516E56 /* ModalViewController.swift */,
				E7FB01CC1BC11A5900CEB3B1 /* Images.xcassets */,
				E7FB01CE1BC11A5900CEB3B1 /* LaunchScreen.xib */,
				E7FB01C31BC11A5900CEB3B1 /* Supporting Files */,
			);
			path = delegate_practice;
			sourceTree = "<group>";
		};
		E7FB01C31BC11A5900CEB3B1 /* Supporting Files */ = {
			isa = PBXGroup;
			children = (
				E7FB01C41BC11A5900CEB3B1 /* Info.plist */,
			);
			name = "Supporting Files";
			sourceTree = "<group>";
		};
		E7FB01D81BC11A5900CEB3B1 /* delegate_practiceTests */ = {
			isa = PBXGroup;
			children = (
				E7FB01DB1BC11A5900CEB3B1 /* delegate_practiceTests.swift */,
				E7FB01D91BC11A5900CEB3B1 /* Supporting Files */,
			);
			path = delegate_practiceTests;
			sourceTree = "<group>";
		};
		E7FB01D91BC11A5900CEB3B1 /* Supporting Files */ = {
			isa = PBXGroup;
			children = (
				E7FB01DA1BC11A5900CEB3B1 /* Info.plist */,
			);
			name = "Supporting Files";
			sourceTree = "<group>";
		};
/* End PBXGroup section */

/* Begin PBXNativeTarget section */
		E7FB01BF1BC11A5900CEB3B1 /* delegate_practice */ = {
			isa = PBXNativeTarget;
			buildConfigurationList = E7FB01DF1BC11A5900CEB3B1 /* Build configuration list for PBXNativeTarget "delegate_practice" */;
			buildPhases = (
				E7FB01BC1BC11A5900CEB3B1 /* Sources */,
				E7FB01BD1BC11A5900CEB3B1 /* Frameworks */,
				E7FB01BE1BC11A5900CEB3B1 /* Resources */,
			);
			buildRules = (
			);
			dependencies = (
			);
			name = delegate_practice;
			productName = delegate_practice;
			productReference = E7FB01C01BC11A5900CEB3B1 /* delegate_practice.app */;
			productType = "com.apple.product-type.application";
		};
		E7FB01D41BC11A5900CEB3B1 /* delegate_practiceTests */ = {
			isa = PBXNativeTarget;
			buildConfigurationList = E7FB01E21BC11A5900CEB3B1 /* Build configuration list for PBXNativeTarget "delegate_practiceTests" */;
			buildPhases = (
				E7FB01D11BC11A5900CEB3B1 /* Sources */,
				E7FB01D21BC11A5900CEB3B1 /* Frameworks */,
				E7FB01D31BC11A5900CEB3B1 /* Resources */,
			);
			buildRules = (
			);
			dependencies = (
				E7FB01D71BC11A5900CEB3B1 /* PBXTargetDependency */,
			);
			name = delegate_practiceTests;
			productName = delegate_practiceTests;
			productReference = E7FB01D51BC11A5900CEB3B1 /* delegate_practiceTests.xctest */;
			productType = "com.apple.product-type.bundle.unit-test";
		};
/* End PBXNativeTarget section */

/* Begin PBXProject section */
		E7FB01B81BC11A5800CEB3B1 /* Project object */ = {
			isa = PBXProject;
			attributes = {
				LastUpgradeCheck = 0640;
				ORGANIZATIONNAME = "山村　武史";
				TargetAttributes = {
					E7FB01BF1BC11A5900CEB3B1 = {
						CreatedOnToolsVersion = 6.4;
					};
					E7FB01D41BC11A5900CEB3B1 = {
						CreatedOnToolsVersion = 6.4;
						TestTargetID = E7FB01BF1BC11A5900CEB3B1;
					};
				};
			};
			buildConfigurationList = E7FB01BB1BC11A5800CEB3B1 /* Build configuration list for PBXProject "delegate_practice" */;
			compatibilityVersion = "Xcode 3.2";
			developmentRegion = English;
			hasScannedForEncodings = 0;
			knownRegions = (
				en,
				Base,
			);
			mainGroup = E7FB01B71BC11A5800CEB3B1;
			productRefGroup = E7FB01C11BC11A5900CEB3B1 /* Products */;
			projectDirPath = "";
			projectRoot = "";
			targets = (
				E7FB01BF1BC11A5900CEB3B1 /* delegate_practice */,
				E7FB01D41BC11A5900CEB3B1 /* delegate_practiceTests */,
			);
		};
/* End PBXProject section */

/* Begin PBXResourcesBuildPhase section */
		E7FB01BE1BC11A5900CEB3B1 /* Resources */ = {
			isa = PBXResourcesBuildPhase;
			buildActionMask = 2147483647;
			files = (
				E7FB01CB1BC11A5900CEB3B1 /* Main.storyboard in Resources */,
				E7FB01D01BC11A5900CEB3B1 /* LaunchScreen.xib in Resources */,
				E7FB01CD1BC11A5900CEB3B1 /* Images.xcassets in Resources */,
			);
			runOnlyForDeploymentPostprocessing = 0;
		};
		E7FB01D31BC11A5900CEB3B1 /* Resources */ = {
			isa = PBXResourcesBuildPhase;
			buildActionMask = 2147483647;
			files = (
			);
			runOnlyForDeploymentPostprocessing = 0;
		};
/* End PBXResourcesBuildPhase section */

/* Begin PBXSourcesBuildPhase section */
		E7FB01BC1BC11A5900CEB3B1 /* Sources */ = {
			isa = PBXSourcesBuildPhase;
			buildActionMask = 2147483647;
			files = (
				E74A18921BC6838C00516E56 /* ModalViewController.swift in Sources */,
				E7FB01E61BC11DEE00CEB3B1 /* modal_view.swift in Sources */,
				E7FB01C81BC11A5900CEB3B1 /* ViewController.swift in Sources */,
				E7FB01C61BC11A5900CEB3B1 /* AppDelegate.swift in Sources */,
			);
			runOnlyForDeploymentPostprocessing = 0;
		};
		E7FB01D11BC11A5900CEB3B1 /* Sources */ = {
			isa = PBXSourcesBuildPhase;
			buildActionMask = 2147483647;
			files = (
				E7FB01DC1BC11A5900CEB3B1 /* delegate_practiceTests.swift in Sources */,
			);
			runOnlyForDeploymentPostprocessing = 0;
		};
/* End PBXSourcesBuildPhase section */

/* Begin PBXTargetDependency section */
		E7FB01D71BC11A5900CEB3B1 /* PBXTargetDependency */ = {
			isa = PBXTargetDependency;
			target = E7FB01BF1BC11A5900CEB3B1 /* delegate_practice */;
			targetProxy = E7FB01D61BC11A5900CEB3B1 /* PBXContainerItemProxy */;
		};
/* End PBXTargetDependency section */

/* Begin PBXVariantGroup section */
		E7FB01C91BC11A5900CEB3B1 /* Main.storyboard */ = {
			isa = PBXVariantGroup;
			children = (
				E7FB01CA1BC11A5900CEB3B1 /* Base */,
			);
			name = Main.storyboard;
			sourceTree = "<group>";
		};
		E7FB01CE1BC11A5900CEB3B1 /* LaunchScreen.xib */ = {
			isa = PBXVariantGroup;
			children = (
				E7FB01CF1BC11A5900CEB3B1 /* Base */,
			);
			name = LaunchScreen.xib;
			sourceTree = "<group>";
		};
/* End PBXVariantGroup section */

/* Begin XCBuildConfiguration section */
		E7FB01DD1BC11A5900CEB3B1 /* Debug */ = {
			isa = XCBuildConfiguration;
			buildSettings = {
				ALWAYS_SEARCH_USER_PATHS = NO;
				CLANG_CXX_LANGUAGE_STANDARD = "gnu++0x";
				CLANG_CXX_LIBRARY = "libc++";
				CLANG_ENABLE_MODULES = YES;
				CLANG_ENABLE_OBJC_ARC = YES;
				CLANG_WARN_BOOL_CONVERSION = YES;
				CLANG_WARN_CONSTANT_CONVERSION = YES;
				CLANG_WARN_DIRECT_OBJC_ISA_USAGE = YES_ERROR;
				CLANG_WARN_EMPTY_BODY = YES;
				CLANG_WARN_ENUM_CONVERSION = YES;
				CLANG_WARN_INT_CONVERSION = YES;
				CLANG_WARN_OBJC_ROOT_CLASS = YES_ERROR;
				CLANG_WARN_UNREACHABLE_CODE = YES;
				CLANG_WARN__DUPLICATE_METHOD_MATCH = YES;
				"CODE_SIGN_IDENTITY[sdk=iphoneos*]" = "iPhone Developer";
				COPY_PHASE_STRIP = NO;
				DEBUG_INFORMATION_FORMAT = "dwarf-with-dsym";
				ENABLE_STRICT_OBJC_MSGSEND = YES;
				GCC_C_LANGUAGE_STANDARD = gnu99;
				GCC_DYNAMIC_NO_PIC = NO;
				GCC_NO_COMMON_BLOCKS = YES;
				GCC_OPTIMIZATION_LEVEL = 0;
				GCC_PREPROCESSOR_DEFINITIONS = (
					"DEBUG=1",
					"$(inherited)",
				);
				GCC_SYMBOLS_PRIVATE_EXTERN = NO;
				GCC_WARN_64_TO_32_BIT_CONVERSION = YES;
				GCC_WARN_ABOUT_RETURN_TYPE = YES_ERROR;
				GCC_WARN_UNDECLARED_SELECTOR = YES;
				GCC_WARN_UNINITIALIZED_AUTOS = YES_AGGRESSIVE;
				GCC_WARN_UNUSED_FUNCTION = YES;
				GCC_WARN_UNUSED_VARIABLE = YES;
				IPHONEOS_DEPLOYMENT_TARGET = 8.4;
				MTL_ENABLE_DEBUG_INFO = YES;
				ONLY_ACTIVE_ARCH = YES;
				SDKROOT = iphoneos;
				SWIFT_OPTIMIZATION_LEVEL = "-Onone";
			};
			name = Debug;
		};
		E7FB01DE1BC11A5900CEB3B1 /* Release */ = {
			isa = XCBuildConfiguration;
			buildSettings = {
				ALWAYS_SEARCH_USER_PATHS = NO;
				CLANG_CXX_LANGUAGE_STANDARD = "gnu++0x";
				CLANG_CXX_LIBRARY = "libc++";
				CLANG_ENABLE_MODULES = YES;
				CLANG_ENABLE_OBJC_ARC = YES;
				CLANG_WARN_BOOL_CONVERSION = YES;
				CLANG_WARN_CONSTANT_CONVERSION = YES;
				CLANG_WARN_DIRECT_OBJC_ISA_USAGE = YES_ERROR;
				CLANG_WARN_EMPTY_BODY = YES;
				CLANG_WARN_ENUM_CONVERSION = YES;
				CLANG_WARN_INT_CONVERSION = YES;
				CLANG_WARN_OBJC_ROOT_CLASS = YES_ERROR;
				CLANG_WARN_UNREACHABLE_CODE = YES;
				CLANG_WARN__DUPLICATE_METHOD_MATCH = YES;
				"CODE_SIGN_IDENTITY[sdk=iphoneos*]" = "iPhone Developer";
				COPY_PHASE_STRIP = NO;
				DEBUG_INFORMATION_FORMAT = "dwarf-with-dsym";
				ENABLE_NS_ASSERTIONS = NO;
				ENABLE_STRICT_OBJC_MSGSEND = YES;
				GCC_C_LANGUAGE_STANDARD = gnu99;
				GCC_NO_COMMON_BLOCKS = YES;
				GCC_WARN_64_TO_32_BIT_CONVERSION = YES;
				GCC_WARN_ABOUT_RETURN_TYPE = YES_ERROR;
				GCC_WARN_UNDECLARED_SELECTOR = YES;
				GCC_WARN_UNINITIALIZED_AUTOS = YES_AGGRESSIVE;
				GCC_WARN_UNUSED_FUNCTION = YES;
				GCC_WARN_UNUSED_VARIABLE = YES;
				IPHONEOS_DEPLOYMENT_TARGET = 8.4;
				MTL_ENABLE_DEBUG_INFO = NO;
				SDKROOT = iphoneos;
				VALIDATE_PRODUCT = YES;
			};
			name = Release;
		};
		E7FB01E01BC11A5900CEB3B1 /* Debug */ = {
			isa = XCBuildConfiguration;
			buildSettings = {
				ASSETCATALOG_COMPILER_APPICON_NAME = AppIcon;
				INFOPLIST_FILE = delegate_practice/Info.plist;
				LD_RUNPATH_SEARCH_PATHS = "$(inherited) @executable_path/Frameworks";
				PRODUCT_NAME = "$(TARGET_NAME)";
			};
			name = Debug;
		};
		E7FB01E11BC11A5900CEB3B1 /* Release */ = {
			isa = XCBuildConfiguration;
			buildSettings = {
				ASSETCATALOG_COMPILER_APPICON_NAME = AppIcon;
				INFOPLIST_FILE = delegate_practice/Info.plist;
				LD_RUNPATH_SEARCH_PATHS = "$(inherited) @executable_path/Frameworks";
				PRODUCT_NAME = "$(TARGET_NAME)";
			};
			name = Release;
		};
		E7FB01E31BC11A5900CEB3B1 /* Debug */ = {
			isa = XCBuildConfiguration;
			buildSettings = {
				BUNDLE_LOADER = "$(TEST_HOST)";
				FRAMEWORK_SEARCH_PATHS = (
					"$(SDKROOT)/Developer/Library/Frameworks",
					"$(inherited)",
				);
				GCC_PREPROCESSOR_DEFINITIONS = (
					"DEBUG=1",
					"$(inherited)",
				);
				INFOPLIST_FILE = delegate_practiceTests/Info.plist;
				LD_RUNPATH_SEARCH_PATHS = "$(inherited) @executable_path/Frameworks @loader_path/Frameworks";
				PRODUCT_NAME = "$(TARGET_NAME)";
				TEST_HOST = "$(BUILT_PRODUCTS_DIR)/delegate_practice.app/delegate_practice";
			};
			name = Debug;
		};
		E7FB01E41BC11A5900CEB3B1 /* Release */ = {
			isa = XCBuildConfiguration;
			buildSettings = {
				BUNDLE_LOADER = "$(TEST_HOST)";
				FRAMEWORK_SEARCH_PATHS = (
					"$(SDKROOT)/Developer/Library/Frameworks",
					"$(inherited)",
				);
				INFOPLIST_FILE = delegate_practiceTests/Info.plist;
				LD_RUNPATH_SEARCH_PATHS = "$(inherited) @executable_path/Frameworks @loader_path/Frameworks";
				PRODUCT_NAME = "$(TARGET_NAME)";
				TEST_HOST = "$(BUILT_PRODUCTS_DIR)/delegate_practice.app/delegate_practice";
			};
			name = Release;
		};
/* End XCBuildConfiguration section */

/* Begin XCConfigurationList section */
		E7FB01BB1BC11A5800CEB3B1 /* Build configuration list for PBXProject "delegate_practice" */ = {
			isa = XCConfigurationList;
			buildConfigurations = (
				E7FB01DD1BC11A5900CEB3B1 /* Debug */,
				E7FB01DE1BC11A5900CEB3B1 /* Release */,
			);
			defaultConfigurationIsVisible = 0;
			defaultConfigurationName = Release;
		};
		E7FB01DF1BC11A5900CEB3B1 /* Build configuration list for PBXNativeTarget "delegate_practice" */ = {
			isa = XCConfigurationList;
			buildConfigurations = (
				E7FB01E01BC11A5900CEB3B1 /* Debug */,
				E7FB01E11BC11A5900CEB3B1 /* Release */,
			);
			defaultConfigurationIsVisible = 0;
			defaultConfigurationName = Release;
		};
		E7FB01E21BC11A5900CEB3B1 /* Build configuration list for PBXNativeTarget "delegate_practiceTests" */ = {
			isa = XCConfigurationList;
			buildConfigurations = (
				E7FB01E31BC11A5900CEB3B1 /* Debug */,
				E7FB01E41BC11A5900CEB3B1 /* Release */,
			);
			defaultConfigurationIsVisible = 0;
			defaultConfigurationName = Release;
		};
/* End XCConfigurationList section */
	};
	rootObject = E7FB01B81BC11A5800CEB3B1 /* Project object */;
}
