// !$*UTF8*$!
{
	archiveVersion = 1;
	classes = {
	};
	objectVersion = 46;
	objects = {

/* Begin PBXBuildFile section */
		E7C820D21BCBA24800109F30 /* AppDelegate.swift in Sources */ = {isa = PBXBuildFile; fileRef = E7C820D11BCBA24800109F30 /* AppDelegate.swift */; };
		E7C820D41BCBA24800109F30 /* ViewController.swift in Sources */ = {isa = PBXBuildFile; fileRef = E7C820D31BCBA24800109F30 /* ViewController.swift */; };
		E7C820D71BCBA24800109F30 /* Main.storyboard in Resources */ = {isa = PBXBuildFile; fileRef = E7C820D51BCBA24800109F30 /* Main.storyboard */; };
		E7C820D91BCBA24800109F30 /* Images.xcassets in Resources */ = {isa = PBXBuildFile; fileRef = E7C820D81BCBA24800109F30 /* Images.xcassets */; };
		E7C820DC1BCBA24800109F30 /* LaunchScreen.xib in Resources */ = {isa = PBXBuildFile; fileRef = E7C820DA1BCBA24800109F30 /* LaunchScreen.xib */; };
		E7C820E81BCBA24800109F30 /* ParsePracticeTests.swift in Sources */ = {isa = PBXBuildFile; fileRef = E7C820E71BCBA24800109F30 /* ParsePracticeTests.swift */; };
		E7C820F31BCBA34A00109F30 /* Bolts.framework in Frameworks */ = {isa = PBXBuildFile; fileRef = E7C820F11BCBA34A00109F30 /* Bolts.framework */; };
		E7C820F41BCBA34A00109F30 /* Parse.framework in Frameworks */ = {isa = PBXBuildFile; fileRef = E7C820F21BCBA34A00109F30 /* Parse.framework */; };
		E7C820F61BCBA39700109F30 /* AudioToolbox.framework in Frameworks */ = {isa = PBXBuildFile; fileRef = E7C820F51BCBA39700109F30 /* AudioToolbox.framework */; };
		E7C820F81BCBA3A300109F30 /* CFNetwork.framework in Frameworks */ = {isa = PBXBuildFile; fileRef = E7C820F71BCBA3A300109F30 /* CFNetwork.framework */; };
		E7C820FA1BCBA3B000109F30 /* CoreGraphics.framework in Frameworks */ = {isa = PBXBuildFile; fileRef = E7C820F91BCBA3B000109F30 /* CoreGraphics.framework */; };
		E7C820FC1BCBA3D800109F30 /* CoreLocation.framework in Frameworks */ = {isa = PBXBuildFile; fileRef = E7C820FB1BCBA3D800109F30 /* CoreLocation.framework */; };
		E7C820FE1BCBA3E700109F30 /* MobileCoreServices.framework in Frameworks */ = {isa = PBXBuildFile; fileRef = E7C820FD1BCBA3E700109F30 /* MobileCoreServices.framework */; };
		E7C821001BCBA41200109F30 /* QuartzCore.framework in Frameworks */ = {isa = PBXBuildFile; fileRef = E7C820FF1BCBA41200109F30 /* QuartzCore.framework */; };
		E7C821021BCBA41D00109F30 /* Security.framework in Frameworks */ = {isa = PBXBuildFile; fileRef = E7C821011BCBA41D00109F30 /* Security.framework */; };
		E7C821041BCBA42C00109F30 /* StoreKit.framework in Frameworks */ = {isa = PBXBuildFile; fileRef = E7C821031BCBA42C00109F30 /* StoreKit.framework */; };
		E7C821061BCBA44200109F30 /* SystemConfiguration.framework in Frameworks */ = {isa = PBXBuildFile; fileRef = E7C821051BCBA44200109F30 /* SystemConfiguration.framework */; };
		E7C821081BCBA46E00109F30 /* libsqlite3.dylib in Frameworks */ = {isa = PBXBuildFile; fileRef = E7C821071BCBA46E00109F30 /* libsqlite3.dylib */; };
		E7C8210A1BCBA48200109F30 /* libz.dylib in Frameworks */ = {isa = PBXBuildFile; fileRef = E7C821091BCBA48200109F30 /* libz.dylib */; };
		E7C8210C1BCBC9F600109F30 /* NavigationController.swift in Sources */ = {isa = PBXBuildFile; fileRef = E7C8210B1BCBC9F600109F30 /* NavigationController.swift */; };
		E7C8210E1BCBCA1E00109F30 /* TableViewController.swift in Sources */ = {isa = PBXBuildFile; fileRef = E7C8210D1BCBCA1E00109F30 /* TableViewController.swift */; };
/* End PBXBuildFile section */

/* Begin PBXContainerItemProxy section */
		E7C820E21BCBA24800109F30 /* PBXContainerItemProxy */ = {
			isa = PBXContainerItemProxy;
			containerPortal = E7C820C41BCBA24800109F30 /* Project object */;
			proxyType = 1;
			remoteGlobalIDString = E7C820CB1BCBA24800109F30;
			remoteInfo = ParsePractice;
		};
/* End PBXContainerItemProxy section */

/* Begin PBXFileReference section */
		E7C820CC1BCBA24800109F30 /* ParsePractice.app */ = {isa = PBXFileReference; explicitFileType = wrapper.application; includeInIndex = 0; path = ParsePractice.app; sourceTree = BUILT_PRODUCTS_DIR; };
		E7C820D01BCBA24800109F30 /* Info.plist */ = {isa = PBXFileReference; lastKnownFileType = text.plist.xml; path = Info.plist; sourceTree = "<group>"; };
		E7C820D11BCBA24800109F30 /* AppDelegate.swift */ = {isa = PBXFileReference; lastKnownFileType = sourcecode.swift; path = AppDelegate.swift; sourceTree = "<group>"; };
		E7C820D31BCBA24800109F30 /* ViewController.swift */ = {isa = PBXFileReference; lastKnownFileType = sourcecode.swift; path = ViewController.swift; sourceTree = "<group>"; };
		E7C820D61BCBA24800109F30 /* Base */ = {isa = PBXFileReference; lastKnownFileType = file.storyboard; name = Base; path = Base.lproj/Main.storyboard; sourceTree = "<group>"; };
		E7C820D81BCBA24800109F30 /* Images.xcassets */ = {isa = PBXFileReference; lastKnownFileType = folder.assetcatalog; path = Images.xcassets; sourceTree = "<group>"; };
		E7C820DB1BCBA24800109F30 /* Base */ = {isa = PBXFileReference; lastKnownFileType = file.xib; name = Base; path = Base.lproj/LaunchScreen.xib; sourceTree = "<group>"; };
		E7C820E11BCBA24800109F30 /* ParsePracticeTests.xctest */ = {isa = PBXFileReference; explicitFileType = wrapper.cfbundle; includeInIndex = 0; path = ParsePracticeTests.xctest; sourceTree = BUILT_PRODUCTS_DIR; };
		E7C820E61BCBA24800109F30 /* Info.plist */ = {isa = PBXFileReference; lastKnownFileType = text.plist.xml; path = Info.plist; sourceTree = "<group>"; };
		E7C820E71BCBA24800109F30 /* ParsePracticeTests.swift */ = {isa = PBXFileReference; lastKnownFileType = sourcecode.swift; path = ParsePracticeTests.swift; sourceTree = "<group>"; };
		E7C820F11BCBA34A00109F30 /* Bolts.framework */ = {isa = PBXFileReference; lastKnownFileType = wrapper.framework; path = Bolts.framework; sourceTree = "<group>"; };
		E7C820F21BCBA34A00109F30 /* Parse.framework */ = {isa = PBXFileReference; lastKnownFileType = wrapper.framework; path = Parse.framework; sourceTree = "<group>"; };
		E7C820F51BCBA39700109F30 /* AudioToolbox.framework */ = {isa = PBXFileReference; lastKnownFileType = wrapper.framework; name = AudioToolbox.framework; path = System/Library/Frameworks/AudioToolbox.framework; sourceTree = SDKROOT; };
		E7C820F71BCBA3A300109F30 /* CFNetwork.framework */ = {isa = PBXFileReference; lastKnownFileType = wrapper.framework; name = CFNetwork.framework; path = System/Library/Frameworks/CFNetwork.framework; sourceTree = SDKROOT; };
		E7C820F91BCBA3B000109F30 /* CoreGraphics.framework */ = {isa = PBXFileReference; lastKnownFileType = wrapper.framework; name = CoreGraphics.framework; path = System/Library/Frameworks/CoreGraphics.framework; sourceTree = SDKROOT; };
		E7C820FB1BCBA3D800109F30 /* CoreLocation.framework */ = {isa = PBXFileReference; lastKnownFileType = wrapper.framework; name = CoreLocation.framework; path = System/Library/Frameworks/CoreLocation.framework; sourceTree = SDKROOT; };
		E7C820FD1BCBA3E700109F30 /* MobileCoreServices.framework */ = {isa = PBXFileReference; lastKnownFileType = wrapper.framework; name = MobileCoreServices.framework; path = System/Library/Frameworks/MobileCoreServices.framework; sourceTree = SDKROOT; };
		E7C820FF1BCBA41200109F30 /* QuartzCore.framework */ = {isa = PBXFileReference; lastKnownFileType = wrapper.framework; name = QuartzCore.framework; path = System/Library/Frameworks/QuartzCore.framework; sourceTree = SDKROOT; };
		E7C821011BCBA41D00109F30 /* Security.framework */ = {isa = PBXFileReference; lastKnownFileType = wrapper.framework; name = Security.framework; path = System/Library/Frameworks/Security.framework; sourceTree = SDKROOT; };
		E7C821031BCBA42C00109F30 /* StoreKit.framework */ = {isa = PBXFileReference; lastKnownFileType = wrapper.framework; name = StoreKit.framework; path = System/Library/Frameworks/StoreKit.framework; sourceTree = SDKROOT; };
		E7C821051BCBA44200109F30 /* SystemConfiguration.framework */ = {isa = PBXFileReference; lastKnownFileType = wrapper.framework; name = SystemConfiguration.framework; path = System/Library/Frameworks/SystemConfiguration.framework; sourceTree = SDKROOT; };
		E7C821071BCBA46E00109F30 /* libsqlite3.dylib */ = {isa = PBXFileReference; lastKnownFileType = "compiled.mach-o.dylib"; name = libsqlite3.dylib; path = usr/lib/libsqlite3.dylib; sourceTree = SDKROOT; };
		E7C821091BCBA48200109F30 /* libz.dylib */ = {isa = PBXFileReference; lastKnownFileType = "compiled.mach-o.dylib"; name = libz.dylib; path = usr/lib/libz.dylib; sourceTree = SDKROOT; };
		E7C8210B1BCBC9F600109F30 /* NavigationController.swift */ = {isa = PBXFileReference; fileEncoding = 4; lastKnownFileType = sourcecode.swift; path = NavigationController.swift; sourceTree = "<group>"; };
		E7C8210D1BCBCA1E00109F30 /* TableViewController.swift */ = {isa = PBXFileReference; fileEncoding = 4; lastKnownFileType = sourcecode.swift; path = TableViewController.swift; sourceTree = "<group>"; };
/* End PBXFileReference section */

/* Begin PBXFrameworksBuildPhase section */
		E7C820C91BCBA24800109F30 /* Frameworks */ = {
			isa = PBXFrameworksBuildPhase;
			buildActionMask = 2147483647;
			files = (
				E7C8210A1BCBA48200109F30 /* libz.dylib in Frameworks */,
				E7C821081BCBA46E00109F30 /* libsqlite3.dylib in Frameworks */,
				E7C821061BCBA44200109F30 /* SystemConfiguration.framework in Frameworks */,
				E7C821041BCBA42C00109F30 /* StoreKit.framework in Frameworks */,
				E7C821021BCBA41D00109F30 /* Security.framework in Frameworks */,
				E7C821001BCBA41200109F30 /* QuartzCore.framework in Frameworks */,
				E7C820FE1BCBA3E700109F30 /* MobileCoreServices.framework in Frameworks */,
				E7C820FC1BCBA3D800109F30 /* CoreLocation.framework in Frameworks */,
				E7C820FA1BCBA3B000109F30 /* CoreGraphics.framework in Frameworks */,
				E7C820F81BCBA3A300109F30 /* CFNetwork.framework in Frameworks */,
				E7C820F61BCBA39700109F30 /* AudioToolbox.framework in Frameworks */,
				E7C820F41BCBA34A00109F30 /* Parse.framework in Frameworks */,
				E7C820F31BCBA34A00109F30 /* Bolts.framework in Frameworks */,
			);
			runOnlyForDeploymentPostprocessing = 0;
		};
		E7C820DE1BCBA24800109F30 /* Frameworks */ = {
			isa = PBXFrameworksBuildPhase;
			buildActionMask = 2147483647;
			files = (
			);
			runOnlyForDeploymentPostprocessing = 0;
		};
/* End PBXFrameworksBuildPhase section */

/* Begin PBXGroup section */
		E7C820C31BCBA24800109F30 = {
			isa = PBXGroup;
			children = (
				E7C821091BCBA48200109F30 /* libz.dylib */,
				E7C821071BCBA46E00109F30 /* libsqlite3.dylib */,
				E7C821051BCBA44200109F30 /* SystemConfiguration.framework */,
				E7C821031BCBA42C00109F30 /* StoreKit.framework */,
				E7C821011BCBA41D00109F30 /* Security.framework */,
				E7C820FF1BCBA41200109F30 /* QuartzCore.framework */,
				E7C820FD1BCBA3E700109F30 /* MobileCoreServices.framework */,
				E7C820FB1BCBA3D800109F30 /* CoreLocation.framework */,
				E7C820F91BCBA3B000109F30 /* CoreGraphics.framework */,
				E7C820F71BCBA3A300109F30 /* CFNetwork.framework */,
				E7C820F51BCBA39700109F30 /* AudioToolbox.framework */,
				E7C820CE1BCBA24800109F30 /* ParsePractice */,
				E7C820E41BCBA24800109F30 /* ParsePracticeTests */,
				E7C820CD1BCBA24800109F30 /* Products */,
				E7C820F11BCBA34A00109F30 /* Bolts.framework */,
				E7C820F21BCBA34A00109F30 /* Parse.framework */,
			);
			sourceTree = "<group>";
		};
		E7C820CD1BCBA24800109F30 /* Products */ = {
			isa = PBXGroup;
			children = (
				E7C820CC1BCBA24800109F30 /* ParsePractice.app */,
				E7C820E11BCBA24800109F30 /* ParsePracticeTests.xctest */,
			);
			name = Products;
			sourceTree = "<group>";
		};
		E7C820CE1BCBA24800109F30 /* ParsePractice */ = {
			isa = PBXGroup;
			children = (
				E7C820D11BCBA24800109F30 /* AppDelegate.swift */,
				E7C820D31BCBA24800109F30 /* ViewController.swift */,
				E7C8210B1BCBC9F600109F30 /* NavigationController.swift */,
				E7C8210D1BCBCA1E00109F30 /* TableViewController.swift */,
				E7C820D51BCBA24800109F30 /* Main.storyboard */,
				E7C820D81BCBA24800109F30 /* Images.xcassets */,
				E7C820DA1BCBA24800109F30 /* LaunchScreen.xib */,
				E7C820CF1BCBA24800109F30 /* Supporting Files */,
			);
			path = ParsePractice;
			sourceTree = "<group>";
		};
		E7C820CF1BCBA24800109F30 /* Supporting Files */ = {
			isa = PBXGroup;
			children = (
				E7C820D01BCBA24800109F30 /* Info.plist */,
			);
			name = "Supporting Files";
			sourceTree = "<group>";
		};
		E7C820E41BCBA24800109F30 /* ParsePracticeTests */ = {
			isa = PBXGroup;
			children = (
				E7C820E71BCBA24800109F30 /* ParsePracticeTests.swift */,
				E7C820E51BCBA24800109F30 /* Supporting Files */,
			);
			path = ParsePracticeTests;
			sourceTree = "<group>";
		};
		E7C820E51BCBA24800109F30 /* Supporting Files */ = {
			isa = PBXGroup;
			children = (
				E7C820E61BCBA24800109F30 /* Info.plist */,
			);
			name = "Supporting Files";
			sourceTree = "<group>";
		};
/* End PBXGroup section */

/* Begin PBXNativeTarget section */
		E7C820CB1BCBA24800109F30 /* ParsePractice */ = {
			isa = PBXNativeTarget;
			buildConfigurationList = E7C820EB1BCBA24800109F30 /* Build configuration list for PBXNativeTarget "ParsePractice" */;
			buildPhases = (
				E7C820C81BCBA24800109F30 /* Sources */,
				E7C820C91BCBA24800109F30 /* Frameworks */,
				E7C820CA1BCBA24800109F30 /* Resources */,
			);
			buildRules = (
			);
			dependencies = (
			);
			name = ParsePractice;
			productName = ParsePractice;
			productReference = E7C820CC1BCBA24800109F30 /* ParsePractice.app */;
			productType = "com.apple.product-type.application";
		};
		E7C820E01BCBA24800109F30 /* ParsePracticeTests */ = {
			isa = PBXNativeTarget;
			buildConfigurationList = E7C820EE1BCBA24800109F30 /* Build configuration list for PBXNativeTarget "ParsePracticeTests" */;
			buildPhases = (
				E7C820DD1BCBA24800109F30 /* Sources */,
				E7C820DE1BCBA24800109F30 /* Frameworks */,
				E7C820DF1BCBA24800109F30 /* Resources */,
			);
			buildRules = (
			);
			dependencies = (
				E7C820E31BCBA24800109F30 /* PBXTargetDependency */,
			);
			name = ParsePracticeTests;
			productName = ParsePracticeTests;
			productReference = E7C820E11BCBA24800109F30 /* ParsePracticeTests.xctest */;
			productType = "com.apple.product-type.bundle.unit-test";
		};
/* End PBXNativeTarget section */

/* Begin PBXProject section */
		E7C820C41BCBA24800109F30 /* Project object */ = {
			isa = PBXProject;
			attributes = {
				LastUpgradeCheck = 0640;
				ORGANIZATIONNAME = "山村　武史";
				TargetAttributes = {
					E7C820CB1BCBA24800109F30 = {
						CreatedOnToolsVersion = 6.4;
					};
					E7C820E01BCBA24800109F30 = {
						CreatedOnToolsVersion = 6.4;
						TestTargetID = E7C820CB1BCBA24800109F30;
					};
				};
			};
			buildConfigurationList = E7C820C71BCBA24800109F30 /* Build configuration list for PBXProject "ParsePractice" */;
			compatibilityVersion = "Xcode 3.2";
			developmentRegion = English;
			hasScannedForEncodings = 0;
			knownRegions = (
				en,
				Base,
			);
			mainGroup = E7C820C31BCBA24800109F30;
			productRefGroup = E7C820CD1BCBA24800109F30 /* Products */;
			projectDirPath = "";
			projectRoot = "";
			targets = (
				E7C820CB1BCBA24800109F30 /* ParsePractice */,
				E7C820E01BCBA24800109F30 /* ParsePracticeTests */,
			);
		};
/* End PBXProject section */

/* Begin PBXResourcesBuildPhase section */
		E7C820CA1BCBA24800109F30 /* Resources */ = {
			isa = PBXResourcesBuildPhase;
			buildActionMask = 2147483647;
			files = (
				E7C820D71BCBA24800109F30 /* Main.storyboard in Resources */,
				E7C820DC1BCBA24800109F30 /* LaunchScreen.xib in Resources */,
				E7C820D91BCBA24800109F30 /* Images.xcassets in Resources */,
			);
			runOnlyForDeploymentPostprocessing = 0;
		};
		E7C820DF1BCBA24800109F30 /* Resources */ = {
			isa = PBXResourcesBuildPhase;
			buildActionMask = 2147483647;
			files = (
			);
			runOnlyForDeploymentPostprocessing = 0;
		};
/* End PBXResourcesBuildPhase section */

/* Begin PBXSourcesBuildPhase section */
		E7C820C81BCBA24800109F30 /* Sources */ = {
			isa = PBXSourcesBuildPhase;
			buildActionMask = 2147483647;
			files = (
				E7C820D41BCBA24800109F30 /* ViewController.swift in Sources */,
				E7C8210C1BCBC9F600109F30 /* NavigationController.swift in Sources */,
				E7C820D21BCBA24800109F30 /* AppDelegate.swift in Sources */,
				E7C8210E1BCBCA1E00109F30 /* TableViewController.swift in Sources */,
			);
			runOnlyForDeploymentPostprocessing = 0;
		};
		E7C820DD1BCBA24800109F30 /* Sources */ = {
			isa = PBXSourcesBuildPhase;
			buildActionMask = 2147483647;
			files = (
				E7C820E81BCBA24800109F30 /* ParsePracticeTests.swift in Sources */,
			);
			runOnlyForDeploymentPostprocessing = 0;
		};
/* End PBXSourcesBuildPhase section */

/* Begin PBXTargetDependency section */
		E7C820E31BCBA24800109F30 /* PBXTargetDependency */ = {
			isa = PBXTargetDependency;
			target = E7C820CB1BCBA24800109F30 /* ParsePractice */;
			targetProxy = E7C820E21BCBA24800109F30 /* PBXContainerItemProxy */;
		};
/* End PBXTargetDependency section */

/* Begin PBXVariantGroup section */
		E7C820D51BCBA24800109F30 /* Main.storyboard */ = {
			isa = PBXVariantGroup;
			children = (
				E7C820D61BCBA24800109F30 /* Base */,
			);
			name = Main.storyboard;
			sourceTree = "<group>";
		};
		E7C820DA1BCBA24800109F30 /* LaunchScreen.xib */ = {
			isa = PBXVariantGroup;
			children = (
				E7C820DB1BCBA24800109F30 /* Base */,
			);
			name = LaunchScreen.xib;
			sourceTree = "<group>";
		};
/* End PBXVariantGroup section */

/* Begin XCBuildConfiguration section */
		E7C820E91BCBA24800109F30 /* Debug */ = {
			isa = XCBuildConfiguration;
			buildSettings = {
				ALWAYS_SEARCH_USER_PATHS = NO;
				CLANG_CXX_LANGUAGE_STANDARD = "gnu++0x";
				CLANG_CXX_LIBRARY = "libc++";
				CLANG_ENABLE_MODULES = YES;
				CLANG_ENABLE_OBJC_ARC = YES;
				CLANG_WARN_BOOL_CONVERSION = YES;
				CLANG_WARN_CONSTANT_CONVERSION = YES;
				CLANG_WARN_DIRECT_OBJC_ISA_USAGE = YES_ERROR;
				CLANG_WARN_EMPTY_BODY = YES;
				CLANG_WARN_ENUM_CONVERSION = YES;
				CLANG_WARN_INT_CONVERSION = YES;
				CLANG_WARN_OBJC_ROOT_CLASS = YES_ERROR;
				CLANG_WARN_UNREACHABLE_CODE = YES;
				CLANG_WARN__DUPLICATE_METHOD_MATCH = YES;
				"CODE_SIGN_IDENTITY[sdk=iphoneos*]" = "iPhone Developer";
				COPY_PHASE_STRIP = NO;
				DEBUG_INFORMATION_FORMAT = "dwarf-with-dsym";
				ENABLE_STRICT_OBJC_MSGSEND = YES;
				GCC_C_LANGUAGE_STANDARD = gnu99;
				GCC_DYNAMIC_NO_PIC = NO;
				GCC_NO_COMMON_BLOCKS = YES;
				GCC_OPTIMIZATION_LEVEL = 0;
				GCC_PREPROCESSOR_DEFINITIONS = (
					"DEBUG=1",
					"$(inherited)",
				);
				GCC_SYMBOLS_PRIVATE_EXTERN = NO;
				GCC_WARN_64_TO_32_BIT_CONVERSION = YES;
				GCC_WARN_ABOUT_RETURN_TYPE = YES_ERROR;
				GCC_WARN_UNDECLARED_SELECTOR = YES;
				GCC_WARN_UNINITIALIZED_AUTOS = YES_AGGRESSIVE;
				GCC_WARN_UNUSED_FUNCTION = YES;
				GCC_WARN_UNUSED_VARIABLE = YES;
				IPHONEOS_DEPLOYMENT_TARGET = 8.4;
				MTL_ENABLE_DEBUG_INFO = YES;
				ONLY_ACTIVE_ARCH = YES;
				SDKROOT = iphoneos;
				SWIFT_OPTIMIZATION_LEVEL = "-Onone";
			};
			name = Debug;
		};
		E7C820EA1BCBA24800109F30 /* Release */ = {
			isa = XCBuildConfiguration;
			buildSettings = {
				ALWAYS_SEARCH_USER_PATHS = NO;
				CLANG_CXX_LANGUAGE_STANDARD = "gnu++0x";
				CLANG_CXX_LIBRARY = "libc++";
				CLANG_ENABLE_MODULES = YES;
				CLANG_ENABLE_OBJC_ARC = YES;
				CLANG_WARN_BOOL_CONVERSION = YES;
				CLANG_WARN_CONSTANT_CONVERSION = YES;
				CLANG_WARN_DIRECT_OBJC_ISA_USAGE = YES_ERROR;
				CLANG_WARN_EMPTY_BODY = YES;
				CLANG_WARN_ENUM_CONVERSION = YES;
				CLANG_WARN_INT_CONVERSION = YES;
				CLANG_WARN_OBJC_ROOT_CLASS = YES_ERROR;
				CLANG_WARN_UNREACHABLE_CODE = YES;
				CLANG_WARN__DUPLICATE_METHOD_MATCH = YES;
				"CODE_SIGN_IDENTITY[sdk=iphoneos*]" = "iPhone Developer";
				COPY_PHASE_STRIP = NO;
				DEBUG_INFORMATION_FORMAT = "dwarf-with-dsym";
				ENABLE_NS_ASSERTIONS = NO;
				ENABLE_STRICT_OBJC_MSGSEND = YES;
				GCC_C_LANGUAGE_STANDARD = gnu99;
				GCC_NO_COMMON_BLOCKS = YES;
				GCC_WARN_64_TO_32_BIT_CONVERSION = YES;
				GCC_WARN_ABOUT_RETURN_TYPE = YES_ERROR;
				GCC_WARN_UNDECLARED_SELECTOR = YES;
				GCC_WARN_UNINITIALIZED_AUTOS = YES_AGGRESSIVE;
				GCC_WARN_UNUSED_FUNCTION = YES;
				GCC_WARN_UNUSED_VARIABLE = YES;
				IPHONEOS_DEPLOYMENT_TARGET = 8.4;
				MTL_ENABLE_DEBUG_INFO = NO;
				SDKROOT = iphoneos;
				VALIDATE_PRODUCT = YES;
			};
			name = Release;
		};
		E7C820EC1BCBA24800109F30 /* Debug */ = {
			isa = XCBuildConfiguration;
			buildSettings = {
				ASSETCATALOG_COMPILER_APPICON_NAME = AppIcon;
				FRAMEWORK_SEARCH_PATHS = (
					"$(inherited)",
					"$(PROJECT_DIR)",
				);
				INFOPLIST_FILE = ParsePractice/Info.plist;
				LD_RUNPATH_SEARCH_PATHS = "$(inherited) @executable_path/Frameworks";
				PRODUCT_NAME = "$(TARGET_NAME)";
			};
			name = Debug;
		};
		E7C820ED1BCBA24800109F30 /* Release */ = {
			isa = XCBuildConfiguration;
			buildSettings = {
				ASSETCATALOG_COMPILER_APPICON_NAME = AppIcon;
				FRAMEWORK_SEARCH_PATHS = (
					"$(inherited)",
					"$(PROJECT_DIR)",
				);
				INFOPLIST_FILE = ParsePractice/Info.plist;
				LD_RUNPATH_SEARCH_PATHS = "$(inherited) @executable_path/Frameworks";
				PRODUCT_NAME = "$(TARGET_NAME)";
			};
			name = Release;
		};
		E7C820EF1BCBA24800109F30 /* Debug */ = {
			isa = XCBuildConfiguration;
			buildSettings = {
				BUNDLE_LOADER = "$(TEST_HOST)";
				FRAMEWORK_SEARCH_PATHS = (
					"$(SDKROOT)/Developer/Library/Frameworks",
					"$(inherited)",
				);
				GCC_PREPROCESSOR_DEFINITIONS = (
					"DEBUG=1",
					"$(inherited)",
				);
				INFOPLIST_FILE = ParsePracticeTests/Info.plist;
				LD_RUNPATH_SEARCH_PATHS = "$(inherited) @executable_path/Frameworks @loader_path/Frameworks";
				PRODUCT_NAME = "$(TARGET_NAME)";
				TEST_HOST = "$(BUILT_PRODUCTS_DIR)/ParsePractice.app/ParsePractice";
			};
			name = Debug;
		};
		E7C820F01BCBA24800109F30 /* Release */ = {
			isa = XCBuildConfiguration;
			buildSettings = {
				BUNDLE_LOADER = "$(TEST_HOST)";
				FRAMEWORK_SEARCH_PATHS = (
					"$(SDKROOT)/Developer/Library/Frameworks",
					"$(inherited)",
				);
				INFOPLIST_FILE = ParsePracticeTests/Info.plist;
				LD_RUNPATH_SEARCH_PATHS = "$(inherited) @executable_path/Frameworks @loader_path/Frameworks";
				PRODUCT_NAME = "$(TARGET_NAME)";
				TEST_HOST = "$(BUILT_PRODUCTS_DIR)/ParsePractice.app/ParsePractice";
			};
			name = Release;
		};
/* End XCBuildConfiguration section */

/* Begin XCConfigurationList section */
		E7C820C71BCBA24800109F30 /* Build configuration list for PBXProject "ParsePractice" */ = {
			isa = XCConfigurationList;
			buildConfigurations = (
				E7C820E91BCBA24800109F30 /* Debug */,
				E7C820EA1BCBA24800109F30 /* Release */,
			);
			defaultConfigurationIsVisible = 0;
			defaultConfigurationName = Release;
		};
		E7C820EB1BCBA24800109F30 /* Build configuration list for PBXNativeTarget "ParsePractice" */ = {
			isa = XCConfigurationList;
			buildConfigurations = (
				E7C820EC1BCBA24800109F30 /* Debug */,
				E7C820ED1BCBA24800109F30 /* Release */,
			);
			defaultConfigurationIsVisible = 0;
		};
		E7C820EE1BCBA24800109F30 /* Build configuration list for PBXNativeTarget "ParsePracticeTests" */ = {
			isa = XCConfigurationList;
			buildConfigurations = (
				E7C820EF1BCBA24800109F30 /* Debug */,
				E7C820F01BCBA24800109F30 /* Release */,
			);
			defaultConfigurationIsVisible = 0;
		};
/* End XCConfigurationList section */
	};
	rootObject = E7C820C41BCBA24800109F30 /* Project object */;
}
